
Microsoft Visual Studio Solution File, Format Version 12.00
# Visual Studio 2012
Project("{FAE04EC0-301F-11D3-BF4B-00C04F79EFBC}") = "PerformanceMonitoringSample", "PerformanceMonitoringSample\PerformanceMonitoringSample.csproj", "{60356E08-92A4-433E-956A-F207579B2E6D}"
EndProject
Project("{FAE04EC0-301F-11D3-BF4B-00C04F79EFBC}") = "Firebase.PerformanceMonitoring", "..\..\source\Firebase.PerformanceMonitoring\Firebase.PerformanceMonitoring.csproj", "{7B83F848-4947-4510-81BE-8DDF360A354F}"
EndProject
Project("{FAE04EC0-301F-11D3-BF4B-00C04F79EFBC}") = "Firebase.InstanceID", "..\..\..\Firebase.InstanceID\source\Firebase.InstanceID\Firebase.InstanceID.csproj", "{D6AA184C-DA45-4BBB-988A-451B20C7B804}"
EndProject
Project("{FAE04EC0-301F-11D3-BF4B-00C04F79EFBC}") = "Firebase.Core", "..\..\..\Firebase.Core\source\Firebase.Core\Firebase.Core.csproj", "{0AD1ED63-C008-41B3-8ADB-04696B4880E3}"
EndProject
Project("{FAE04EC0-301F-11D3-BF4B-00C04F79EFBC}") = "Firebase.Analytics", "..\..\..\Firebase.Analytics\source\Firebase.Analytics\Firebase.Analytics.csproj", "{87BB564C-85A8-4EC1-AD16-EC0A1ACCEE56}"
EndProject
Global
	GlobalSection(SolutionConfigurationPlatforms) = preSolution
		Debug|iPhoneSimulator = Debug|iPhoneSimulator
		Release|iPhone = Release|iPhone
		Release|iPhoneSimulator = Release|iPhoneSimulator
		Debug|iPhone = Debug|iPhone
	EndGlobalSection
	GlobalSection(ProjectConfigurationPlatforms) = postSolution
		{60356E08-92A4-433E-956A-F207579B2E6D}.Debug|iPhoneSimulator.ActiveCfg = Debug|iPhoneSimulator
		{60356E08-92A4-433E-956A-F207579B2E6D}.Debug|iPhoneSimulator.Build.0 = Debug|iPhoneSimulator
		{60356E08-92A4-433E-956A-F207579B2E6D}.Release|iPhone.ActiveCfg = Release|iPhone
		{60356E08-92A4-433E-956A-F207579B2E6D}.Release|iPhone.Build.0 = Release|iPhone
		{60356E08-92A4-433E-956A-F207579B2E6D}.Release|iPhoneSimulator.ActiveCfg = Release|iPhoneSimulator
		{60356E08-92A4-433E-956A-F207579B2E6D}.Release|iPhoneSimulator.Build.0 = Release|iPhoneSimulator
		{60356E08-92A4-433E-956A-F207579B2E6D}.Debug|iPhone.ActiveCfg = Debug|iPhone
		{60356E08-92A4-433E-956A-F207579B2E6D}.Debug|iPhone.Build.0 = Debug|iPhone
		{7B83F848-4947-4510-81BE-8DDF360A354F}.Debug|iPhoneSimulator.ActiveCfg = Debug|Any CPU
		{7B83F848-4947-4510-81BE-8DDF360A354F}.Debug|iPhoneSimulator.Build.0 = Debug|Any CPU
		{7B83F848-4947-4510-81BE-8DDF360A354F}.Release|iPhone.ActiveCfg = Release|Any CPU
		{7B83F848-4947-4510-81BE-8DDF360A354F}.Release|iPhone.Build.0 = Release|Any CPU
		{7B83F848-4947-4510-81BE-8DDF360A354F}.Release|iPhoneSimulator.ActiveCfg = Release|Any CPU
		{7B83F848-4947-4510-81BE-8DDF360A354F}.Release|iPhoneSimulator.Build.0 = Release|Any CPU
		{7B83F848-4947-4510-81BE-8DDF360A354F}.Debug|iPhone.ActiveCfg = Debug|Any CPU
		{7B83F848-4947-4510-81BE-8DDF360A354F}.Debug|iPhone.Build.0 = Debug|Any CPU
		{D6AA184C-DA45-4BBB-988A-451B20C7B804}.Debug|iPhoneSimulator.ActiveCfg = Debug|Any CPU
		{D6AA184C-DA45-4BBB-988A-451B20C7B804}.Debug|iPhoneSimulator.Build.0 = Debug|Any CPU
		{D6AA184C-DA45-4BBB-988A-451B20C7B804}.Release|iPhone.ActiveCfg = Release|Any CPU
		{D6AA184C-DA45-4BBB-988A-451B20C7B804}.Release|iPhone.Build.0 = Release|Any CPU
		{D6AA184C-DA45-4BBB-988A-451B20C7B804}.Release|iPhoneSimulator.ActiveCfg = Release|Any CPU
		{D6AA184C-DA45-4BBB-988A-451B20C7B804}.Release|iPhoneSimulator.Build.0 = Release|Any CPU
		{D6AA184C-DA45-4BBB-988A-451B20C7B804}.Debug|iPhone.ActiveCfg = Debug|Any CPU
		{D6AA184C-DA45-4BBB-988A-451B20C7B804}.Debug|iPhone.Build.0 = Debug|Any CPU
		{0AD1ED63-C008-41B3-8ADB-04696B4880E3}.Debug|iPhoneSimulator.ActiveCfg = Debug|Any CPU
		{0AD1ED63-C008-41B3-8ADB-04696B4880E3}.Debug|iPhoneSimulator.Build.0 = Debug|Any CPU
		{0AD1ED63-C008-41B3-8ADB-04696B4880E3}.Release|iPhone.ActiveCfg = Release|Any CPU
		{0AD1ED63-C008-41B3-8ADB-04696B4880E3}.Release|iPhone.Build.0 = Release|Any CPU
		{0AD1ED63-C008-41B3-8ADB-04696B4880E3}.Release|iPhoneSimulator.ActiveCfg = Release|Any CPU
		{0AD1ED63-C008-41B3-8ADB-04696B4880E3}.Release|iPhoneSimulator.Build.0 = Release|Any CPU
		{0AD1ED63-C008-41B3-8ADB-04696B4880E3}.Debug|iPhone.ActiveCfg = Debug|Any CPU
		{0AD1ED63-C008-41B3-8ADB-04696B4880E3}.Debug|iPhone.Build.0 = Debug|Any CPU
		{87BB564C-85A8-4EC1-AD16-EC0A1ACCEE56}.Debug|iPhoneSimulator.ActiveCfg = Debug|Any CPU
		{87BB564C-85A8-4EC1-AD16-EC0A1ACCEE56}.Debug|iPhoneSimulator.Build.0 = Debug|Any CPU
		{87BB564C-85A8-4EC1-AD16-EC0A1ACCEE56}.Release|iPhone.ActiveCfg = Release|Any CPU
		{87BB564C-85A8-4EC1-AD16-EC0A1ACCEE56}.Release|iPhone.Build.0 = Release|Any CPU
		{87BB564C-85A8-4EC1-AD16-EC0A1ACCEE56}.Release|iPhoneSimulator.ActiveCfg = Release|Any CPU
		{87BB564C-85A8-4EC1-AD16-EC0A1ACCEE56}.Release|iPhoneSimulator.Build.0 = Release|Any CPU
		{87BB564C-85A8-4EC1-AD16-EC0A1ACCEE56}.Debug|iPhone.ActiveCfg = Debug|Any CPU
		{87BB564C-85A8-4EC1-AD16-EC0A1ACCEE56}.Debug|iPhone.Build.0 = Debug|Any CPU
	EndGlobalSection
EndGlobal
