
Microsoft Visual Studio Solution File, Format Version 12.00
# Visual Studio 2012
Project("{FAE04EC0-301F-11D3-BF4B-00C04F79EFBC}") = "CrashlyticsSample", "CrashlyticsSample\CrashlyticsSample.csproj", "{DB75BE06-E241-4750-8243-C00D1743F4D0}"
EndProject
Project("{FAE04EC0-301F-11D3-BF4B-00C04F79EFBC}") = "Firebase.Crashlytics", "..\..\source\Firebase.Crashlytics\Firebase.Crashlytics.csproj", "{6D907852-5442-4CCF-BDD5-8941194D6AD6}"
EndProject
Project("{FAE04EC0-301F-11D3-BF4B-00C04F79EFBC}") = "Firebase.Core", "..\..\..\Firebase.Core\source\Firebase.Core\Firebase.Core.csproj", "{0AD1ED63-C008-41B3-8ADB-04696B4880E3}"
EndProject
Global
	GlobalSection(SolutionConfigurationPlatforms) = preSolution
		Debug|iPhoneSimulator = Debug|iPhoneSimulator
		Release|iPhone = Release|iPhone
		Release|iPhoneSimulator = Release|iPhoneSimulator
		Debug|iPhone = Debug|iPhone
	EndGlobalSection
	GlobalSection(ProjectConfigurationPlatforms) = postSolution
		{DB75BE06-E241-4750-8243-C00D1743F4D0}.Debug|iPhoneSimulator.ActiveCfg = Debug|iPhoneSimulator
		{DB75BE06-E241-4750-8243-C00D1743F4D0}.Debug|iPhoneSimulator.Build.0 = Debug|iPhoneSimulator
		{DB75BE06-E241-4750-8243-C00D1743F4D0}.Release|iPhone.ActiveCfg = Release|iPhone
		{DB75BE06-E241-4750-8243-C00D1743F4D0}.Release|iPhone.Build.0 = Release|iPhone
		{DB75BE06-E241-4750-8243-C00D1743F4D0}.Release|iPhoneSimulator.ActiveCfg = Release|iPhoneSimulator
		{DB75BE06-E241-4750-8243-C00D1743F4D0}.Release|iPhoneSimulator.Build.0 = Release|iPhoneSimulator
		{DB75BE06-E241-4750-8243-C00D1743F4D0}.Debug|iPhone.ActiveCfg = Debug|iPhone
		{DB75BE06-E241-4750-8243-C00D1743F4D0}.Debug|iPhone.Build.0 = Debug|iPhone
		{6D907852-5442-4CCF-BDD5-8941194D6AD6}.Debug|iPhoneSimulator.ActiveCfg = Debug|Any CPU
		{6D907852-5442-4CCF-BDD5-8941194D6AD6}.Debug|iPhoneSimulator.Build.0 = Debug|Any CPU
		{6D907852-5442-4CCF-BDD5-8941194D6AD6}.Release|iPhone.ActiveCfg = Release|Any CPU
		{6D907852-5442-4CCF-BDD5-8941194D6AD6}.Release|iPhone.Build.0 = Release|Any CPU
		{6D907852-5442-4CCF-BDD5-8941194D6AD6}.Release|iPhoneSimulator.ActiveCfg = Release|Any CPU
		{6D907852-5442-4CCF-BDD5-8941194D6AD6}.Release|iPhoneSimulator.Build.0 = Release|Any CPU
		{6D907852-5442-4CCF-BDD5-8941194D6AD6}.Debug|iPhone.ActiveCfg = Debug|Any CPU
		{6D907852-5442-4CCF-BDD5-8941194D6AD6}.Debug|iPhone.Build.0 = Debug|Any CPU
		{0AD1ED63-C008-41B3-8ADB-04696B4880E3}.Debug|iPhoneSimulator.ActiveCfg = Debug|Any CPU
		{0AD1ED63-C008-41B3-8ADB-04696B4880E3}.Debug|iPhoneSimulator.Build.0 = Debug|Any CPU
		{0AD1ED63-C008-41B3-8ADB-04696B4880E3}.Release|iPhone.ActiveCfg = Release|Any CPU
		{0AD1ED63-C008-41B3-8ADB-04696B4880E3}.Release|iPhone.Build.0 = Release|Any CPU
		{0AD1ED63-C008-41B3-8ADB-04696B4880E3}.Release|iPhoneSimulator.ActiveCfg = Release|Any CPU
		{0AD1ED63-C008-41B3-8ADB-04696B4880E3}.Release|iPhoneSimulator.Build.0 = Release|Any CPU
		{0AD1ED63-C008-41B3-8ADB-04696B4880E3}.Debug|iPhone.ActiveCfg = Debug|Any CPU
		{0AD1ED63-C008-41B3-8ADB-04696B4880E3}.Debug|iPhone.Build.0 = Debug|Any CPU
	EndGlobalSection
EndGlobal
