
Microsoft Visual Studio Solution File, Format Version 12.00
# Visual Studio 2012
Project("{FAE04EC0-301F-11D3-BF4B-00C04F79EFBC}") = "Google.Cast", "Google.Cast\Google.Cast.csproj", "{2E11B34E-2811-45CC-90F3-428B9A88F86A}"
EndProject
Global
	GlobalSection(SolutionConfigurationPlatforms) = preSolution
		Debug|Any CPU = Debug|Any CPU
		Release|Any CPU = Release|Any CPU
	EndGlobalSection
	GlobalSection(ProjectConfigurationPlatforms) = postSolution
		{2E11B34E-2811-45CC-90F3-428B9A88F86A}.Debug|Any CPU.ActiveCfg = Debug|Any CPU
		{2E11B34E-2811-45CC-90F3-428B9A88F86A}.Debug|Any CPU.Build.0 = Debug|Any CPU
		{2E11B34E-2811-45CC-90F3-428B9A88F86A}.Release|Any CPU.ActiveCfg = Release|Any CPU
		{2E11B34E-2811-45CC-90F3-428B9A88F86A}.Release|Any CPU.Build.0 = Release|Any CPU
	EndGlobalSection
EndGlobal
