Microsoft Visual Studio Solution File, Format Version 12.00
# Visual Studio Version 17
VisualStudioVersion = 17.0.32112.339
MinimumVisualStudioVersion = 15.0.26124.0
Project("{2150E333-8FDC-42A3-9474-1A3956D46DE8}") = "Solution Items", "Solution Items", "{C207DCCA-9510-4CDD-A6E7-042C6834171C}"
	ProjectSection(SolutionItems) = preProject
		.editorconfig = .editorconfig
	EndProjectSection
EndProject
Project("{2150E333-8FDC-42A3-9474-1A3956D46DE8}") = "samples-using-NuGet", "samples-using-NuGet", "{2768C507-3CBE-439B-A8F4-CDDAF9CE485D}"
EndProject
Project("{2150E333-8FDC-42A3-9474-1A3956D46DE8}") = "Firebase", "Firebase", "{1F95C0A7-44B2-4C38-909A-2C2CBECC32EC}"
EndProject
Project("{2150E333-8FDC-42A3-9474-1A3956D46DE8}") = "Google", "Google", "{2783DC47-A1A0-433F-9B68-B9DA86D889AB}"
EndProject
Project("{2150E333-8FDC-42A3-9474-1A3956D46DE8}") = "MLKit", "MLKit", "{C25506F1-8774-4506-B322-AD3A46450F5B}"
EndProject
Project("{FAE04EC0-301F-11D3-BF4B-00C04F79EFBC}") = "AdMobSampleLegacy.NuGet.Legacy", "samples\Firebase\AdMob\AdMobSampleLegacy\AdMobSampleLegacy.NuGet.Legacy.csproj", "{4102D288-4354-4093-995D-643D3324EDFF}"
EndProject
Project("{FAE04EC0-301F-11D3-BF4B-00C04F79EFBC}") = "AnalyticsSampleLegacy.NuGet.Legacy", "samples\Firebase\Analytics\AnalyticsSampleLegacy\AnalyticsSampleLegacy.NuGet.Legacy.csproj", "{282BA32F-876B-49B9-94E0-7A64E7CB8412}"
EndProject
Project("{FAE04EC0-301F-11D3-BF4B-00C04F79EFBC}") = "AuthSampleLegacy.NuGet.Legacy", "samples\Firebase\Auth\AuthSampleLegacy\AuthSampleLegacy.NuGet.Legacy.csproj", "{E99EA959-3490-4350-8BB3-44B470E274E1}"
EndProject
Project("{FAE04EC0-301F-11D3-BF4B-00C04F79EFBC}") = "CloudFirestoreSample.NuGet.Legacy", "samples\Firebase\CloudFirestore\CloudFirestoreSample\CloudFirestoreSample.NuGet.Legacy.csproj", "{FE873419-4655-45E5-8FBD-FA1432BEF0D3}"
EndProject
Project("{FAE04EC0-301F-11D3-BF4B-00C04F79EFBC}") = "CloudFunctionsSampleLegacy.NuGet.Legacy", "samples\Firebase\CloudFunctions\CloudFunctionsSampleLegacy\CloudFunctionsSampleLegacy.NuGet.Legacy.csproj", "{01EAB0C0-10BD-4480-BA66-DB9BEE318643}"
EndProject
Project("{FAE04EC0-301F-11D3-BF4B-00C04F79EFBC}") = "CloudMessagingSampleLegacy.NuGet.Legacy", "samples\Firebase\CloudMessaging\CloudMessagingSampleLegacy\CloudMessagingSampleLegacy.NuGet.Legacy.csproj", "{512D08BF-DF4C-409F-A249-3B199C6E203E}"
EndProject
Project("{FAE04EC0-301F-11D3-BF4B-00C04F79EFBC}") = "CrashlyticsSample.NuGet.Legacy", "samples\Firebase\Crashlytics\CrashlyticsSample\CrashlyticsSample.NuGet.Legacy.csproj", "{464C4D55-9911-40FD-8422-A84F92AB7A2D}"
EndProject
Project("{FAE04EC0-301F-11D3-BF4B-00C04F79EFBC}") = "DatabaseSample.NuGet.Legacy", "samples\Firebase\Database\DatabaseSample\DatabaseSample.NuGet.Legacy.csproj", "{25C1AA1D-E6D8-4FA6-88D9-D6E683F5AAA9}"
EndProject
Project("{FAE04EC0-301F-11D3-BF4B-00C04F79EFBC}") = "DynamicLinksSampleLegacy.NuGet.Legacy", "samples\Firebase\DynamicLinks\DynamicLinksSampleLegacy\DynamicLinksSampleLegacy.NuGet.Legacy.csproj", "{03B0F0FB-5AC9-4A58-A94A-6F50BF5B62F3}"
EndProject
Project("{FAE04EC0-301F-11D3-BF4B-00C04F79EFBC}") = "InAppMessagingSample.NuGet.Legacy", "samples\Firebase\InAppMessaging\InAppMessagingSample\InAppMessagingSample.NuGet.Legacy.csproj", "{B6607548-EC95-4AA9-954D-902C81A2D1CA}"
EndProject
Project("{FAE04EC0-301F-11D3-BF4B-00C04F79EFBC}") = "PerformanceMonitoringSampleLegacy.NuGet.Legacy", "samples\Firebase\PerformanceMonitoring\PerformanceMonitoringSampleLegacy\PerformanceMonitoringSampleLegacy.NuGet.Legacy.csproj", "{0E0C07EC-DF17-4E5B-BEA1-8946BCA65634}"
EndProject
Project("{FAE04EC0-301F-11D3-BF4B-00C04F79EFBC}") = "RemoteConfigSampleLegacy.NuGet.Legacy", "samples\Firebase\RemoteConfig\RemoteConfigSampleLegacy\RemoteConfigSampleLegacy.NuGet.Legacy.csproj", "{63EB1A5A-C778-41B8-9D48-3DF2D4CB47A8}"
EndProject
Project("{FAE04EC0-301F-11D3-BF4B-00C04F79EFBC}") = "StorageSample.NuGet.Legacy", "samples\Firebase\Storage\StorageSample\StorageSample.NuGet.Legacy.csproj", "{73B8E300-75D2-4726-967D-1887107A93D7}"
EndProject
Project("{FAE04EC0-301F-11D3-BF4B-00C04F79EFBC}") = "CastSample.NuGet.Legacy", "samples\Google\Cast\CastSample\CastSample.NuGet.Legacy.csproj", "{7E996117-BEAC-49B3-ACCE-628527629455}"
EndProject
Project("{FAE04EC0-301F-11D3-BF4B-00C04F79EFBC}") = "CuteAnimalsiOSLegacy.NuGet.Legacy", "samples\Google\Analytics\CuteAnimalsiOSLegacy\CuteAnimalsiOSLegacy.NuGet.Legacy.csproj", "{4E47A8B9-702E-47D8-B1C9-D6C46E03C97A}"
EndProject
Project("{FAE04EC0-301F-11D3-BF4B-00C04F79EFBC}") = "GoogleMapsAdvSampleLegacy.NuGet.Legacy", "samples\Google\Maps\GoogleMapsAdvSampleLegacy\GoogleMapsAdvSampleLegacy.NuGet.Legacy.csproj", "{49C747A7-E3C0-470A-9610-614087056956}"
EndProject
Project("{FAE04EC0-301F-11D3-BF4B-00C04F79EFBC}") = "GoogleMapsSample.NuGet.Legacy", "samples\Google\Maps\GoogleMapsSample\GoogleMapsSample.NuGet.Legacy.csproj", "{5C4FDFBF-5BB8-43EF-A411-A71DC928E5AF}"
EndProject
Project("{FAE04EC0-301F-11D3-BF4B-00C04F79EFBC}") = "GooglePlacesSample.NuGet.Legacy", "samples\Google\Places\GooglePlacesSample\GooglePlacesSample.NuGet.Legacy.csproj", "{3DFE3B18-B72D-4ED4-A21F-A1A0836AF252}"
EndProject
Project("{FAE04EC0-301F-11D3-BF4B-00C04F79EFBC}") = "MobileAdsExampleLegacy.NuGet.Legacy", "samples\Google\MobileAds\MobileAdsExampleLegacy\MobileAdsExampleLegacy.NuGet.Legacy.csproj", "{3F54945A-FBA3-4A59-937E-C416CFD462F7}"
EndProject
Project("{FAE04EC0-301F-11D3-BF4B-00C04F79EFBC}") = "SignInExample.NuGet.Legacy", "samples\Google\SignIn\SignInExample\SignInExample.NuGet.Legacy.csproj", "{9119A024-24ED-44E1-9791-64D6CD3AEABC}"
EndProject
Project("{FAE04EC0-301F-11D3-BF4B-00C04F79EFBC}") = "TagManagerSampleLegacy.NuGet.Legacy", "samples\Google\TagManager\TagManagerSampleLegacy\TagManagerSampleLegacy.NuGet.Legacy.csproj", "{22505EF4-4BCD-42A9-BA0F-DD7BCACEE150}"
EndProject
Global
	GlobalSection(SolutionConfigurationPlatforms) = preSolution
		Ad-Hoc|Any CPU = Ad-Hoc|Any CPU
		Ad-Hoc|iPhone = Ad-Hoc|iPhone
		Ad-Hoc|iPhoneSimulator = Ad-Hoc|iPhoneSimulator
		Ad-Hoc|x64 = Ad-Hoc|x64
		Ad-Hoc|x86 = Ad-Hoc|x86
		AppStore|Any CPU = AppStore|Any CPU
		AppStore|iPhone = AppStore|iPhone
		AppStore|iPhoneSimulator = AppStore|iPhoneSimulator
		AppStore|x64 = AppStore|x64
		AppStore|x86 = AppStore|x86
		Debug|Any CPU = Debug|Any CPU
		Debug|iPhone = Debug|iPhone
		Debug|iPhoneSimulator = Debug|iPhoneSimulator
		Debug|x64 = Debug|x64
		Debug|x86 = Debug|x86
		Release|Any CPU = Release|Any CPU
		Release|iPhone = Release|iPhone
		Release|iPhoneSimulator = Release|iPhoneSimulator
		Release|x64 = Release|x64
		Release|x86 = Release|x86
	EndGlobalSection
	GlobalSection(ProjectConfigurationPlatforms) = postSolution
		{4102D288-4354-4093-995D-643D3324EDFF}.Ad-Hoc|Any CPU.ActiveCfg = Release|iPhoneSimulator
		{4102D288-4354-4093-995D-643D3324EDFF}.Ad-Hoc|Any CPU.Build.0 = Release|iPhoneSimulator
		{4102D288-4354-4093-995D-643D3324EDFF}.Ad-Hoc|iPhone.ActiveCfg = Release|iPhone
		{4102D288-4354-4093-995D-643D3324EDFF}.Ad-Hoc|iPhone.Build.0 = Release|iPhone
		{4102D288-4354-4093-995D-643D3324EDFF}.Ad-Hoc|iPhoneSimulator.ActiveCfg = Release|iPhoneSimulator
		{4102D288-4354-4093-995D-643D3324EDFF}.Ad-Hoc|iPhoneSimulator.Build.0 = Release|iPhoneSimulator
		{4102D288-4354-4093-995D-643D3324EDFF}.Ad-Hoc|x64.ActiveCfg = Release|iPhoneSimulator
		{4102D288-4354-4093-995D-643D3324EDFF}.Ad-Hoc|x64.Build.0 = Release|iPhoneSimulator
		{4102D288-4354-4093-995D-643D3324EDFF}.Ad-Hoc|x86.ActiveCfg = Release|iPhoneSimulator
		{4102D288-4354-4093-995D-643D3324EDFF}.Ad-Hoc|x86.Build.0 = Release|iPhoneSimulator
		{4102D288-4354-4093-995D-643D3324EDFF}.AppStore|Any CPU.ActiveCfg = Release|iPhoneSimulator
		{4102D288-4354-4093-995D-643D3324EDFF}.AppStore|Any CPU.Build.0 = Release|iPhoneSimulator
		{4102D288-4354-4093-995D-643D3324EDFF}.AppStore|iPhone.ActiveCfg = Release|iPhone
		{4102D288-4354-4093-995D-643D3324EDFF}.AppStore|iPhone.Build.0 = Release|iPhone
		{4102D288-4354-4093-995D-643D3324EDFF}.AppStore|iPhoneSimulator.ActiveCfg = Release|iPhoneSimulator
		{4102D288-4354-4093-995D-643D3324EDFF}.AppStore|iPhoneSimulator.Build.0 = Release|iPhoneSimulator
		{4102D288-4354-4093-995D-643D3324EDFF}.AppStore|x64.ActiveCfg = Release|iPhoneSimulator
		{4102D288-4354-4093-995D-643D3324EDFF}.AppStore|x64.Build.0 = Release|iPhoneSimulator
		{4102D288-4354-4093-995D-643D3324EDFF}.AppStore|x86.ActiveCfg = Release|iPhoneSimulator
		{4102D288-4354-4093-995D-643D3324EDFF}.AppStore|x86.Build.0 = Release|iPhoneSimulator
		{4102D288-4354-4093-995D-643D3324EDFF}.Debug|Any CPU.ActiveCfg = Debug|iPhoneSimulator
		{4102D288-4354-4093-995D-643D3324EDFF}.Debug|Any CPU.Build.0 = Debug|iPhoneSimulator
		{4102D288-4354-4093-995D-643D3324EDFF}.Debug|iPhone.ActiveCfg = Debug|iPhone
		{4102D288-4354-4093-995D-643D3324EDFF}.Debug|iPhone.Build.0 = Debug|iPhone
		{4102D288-4354-4093-995D-643D3324EDFF}.Debug|iPhone.Deploy.0 = Debug|iPhone
		{4102D288-4354-4093-995D-643D3324EDFF}.Debug|iPhoneSimulator.ActiveCfg = Debug|iPhoneSimulator
		{4102D288-4354-4093-995D-643D3324EDFF}.Debug|iPhoneSimulator.Build.0 = Debug|iPhoneSimulator
		{4102D288-4354-4093-995D-643D3324EDFF}.Debug|x64.ActiveCfg = Debug|iPhoneSimulator
		{4102D288-4354-4093-995D-643D3324EDFF}.Debug|x64.Build.0 = Debug|iPhoneSimulator
		{4102D288-4354-4093-995D-643D3324EDFF}.Debug|x86.ActiveCfg = Debug|iPhoneSimulator
		{4102D288-4354-4093-995D-643D3324EDFF}.Debug|x86.Build.0 = Debug|iPhoneSimulator
		{4102D288-4354-4093-995D-643D3324EDFF}.Release|Any CPU.ActiveCfg = Release|iPhone
		{4102D288-4354-4093-995D-643D3324EDFF}.Release|Any CPU.Build.0 = Release|iPhone
		{4102D288-4354-4093-995D-643D3324EDFF}.Release|iPhone.ActiveCfg = Release|iPhone
		{4102D288-4354-4093-995D-643D3324EDFF}.Release|iPhone.Build.0 = Release|iPhone
		{4102D288-4354-4093-995D-643D3324EDFF}.Release|iPhone.Deploy.0 = Release|iPhone
		{4102D288-4354-4093-995D-643D3324EDFF}.Release|iPhoneSimulator.ActiveCfg = Release|iPhoneSimulator
		{4102D288-4354-4093-995D-643D3324EDFF}.Release|iPhoneSimulator.Build.0 = Release|iPhoneSimulator
		{4102D288-4354-4093-995D-643D3324EDFF}.Release|x64.ActiveCfg = Release|iPhone
		{4102D288-4354-4093-995D-643D3324EDFF}.Release|x64.Build.0 = Release|iPhone
		{4102D288-4354-4093-995D-643D3324EDFF}.Release|x86.ActiveCfg = Release|iPhone
		{4102D288-4354-4093-995D-643D3324EDFF}.Release|x86.Build.0 = Release|iPhone
		{282BA32F-876B-49B9-94E0-7A64E7CB8412}.Ad-Hoc|Any CPU.ActiveCfg = Release|iPhoneSimulator
		{282BA32F-876B-49B9-94E0-7A64E7CB8412}.Ad-Hoc|Any CPU.Build.0 = Release|iPhoneSimulator
		{282BA32F-876B-49B9-94E0-7A64E7CB8412}.Ad-Hoc|iPhone.ActiveCfg = Release|iPhone
		{282BA32F-876B-49B9-94E0-7A64E7CB8412}.Ad-Hoc|iPhone.Build.0 = Release|iPhone
		{282BA32F-876B-49B9-94E0-7A64E7CB8412}.Ad-Hoc|iPhoneSimulator.ActiveCfg = Release|iPhoneSimulator
		{282BA32F-876B-49B9-94E0-7A64E7CB8412}.Ad-Hoc|iPhoneSimulator.Build.0 = Release|iPhoneSimulator
		{282BA32F-876B-49B9-94E0-7A64E7CB8412}.Ad-Hoc|x64.ActiveCfg = Release|iPhoneSimulator
		{282BA32F-876B-49B9-94E0-7A64E7CB8412}.Ad-Hoc|x64.Build.0 = Release|iPhoneSimulator
		{282BA32F-876B-49B9-94E0-7A64E7CB8412}.Ad-Hoc|x86.ActiveCfg = Release|iPhoneSimulator
		{282BA32F-876B-49B9-94E0-7A64E7CB8412}.Ad-Hoc|x86.Build.0 = Release|iPhoneSimulator
		{282BA32F-876B-49B9-94E0-7A64E7CB8412}.AppStore|Any CPU.ActiveCfg = Release|iPhoneSimulator
		{282BA32F-876B-49B9-94E0-7A64E7CB8412}.AppStore|Any CPU.Build.0 = Release|iPhoneSimulator
		{282BA32F-876B-49B9-94E0-7A64E7CB8412}.AppStore|iPhone.ActiveCfg = Release|iPhone
		{282BA32F-876B-49B9-94E0-7A64E7CB8412}.AppStore|iPhone.Build.0 = Release|iPhone
		{282BA32F-876B-49B9-94E0-7A64E7CB8412}.AppStore|iPhoneSimulator.ActiveCfg = Release|iPhoneSimulator
		{282BA32F-876B-49B9-94E0-7A64E7CB8412}.AppStore|iPhoneSimulator.Build.0 = Release|iPhoneSimulator
		{282BA32F-876B-49B9-94E0-7A64E7CB8412}.AppStore|x64.ActiveCfg = Release|iPhoneSimulator
		{282BA32F-876B-49B9-94E0-7A64E7CB8412}.AppStore|x64.Build.0 = Release|iPhoneSimulator
		{282BA32F-876B-49B9-94E0-7A64E7CB8412}.AppStore|x86.ActiveCfg = Release|iPhoneSimulator
		{282BA32F-876B-49B9-94E0-7A64E7CB8412}.AppStore|x86.Build.0 = Release|iPhoneSimulator
		{282BA32F-876B-49B9-94E0-7A64E7CB8412}.Debug|Any CPU.ActiveCfg = Debug|iPhoneSimulator
		{282BA32F-876B-49B9-94E0-7A64E7CB8412}.Debug|Any CPU.Build.0 = Debug|iPhoneSimulator
		{282BA32F-876B-49B9-94E0-7A64E7CB8412}.Debug|iPhone.ActiveCfg = Debug|iPhone
		{282BA32F-876B-49B9-94E0-7A64E7CB8412}.Debug|iPhone.Build.0 = Debug|iPhone
		{282BA32F-876B-49B9-94E0-7A64E7CB8412}.Debug|iPhone.Deploy.0 = Debug|iPhone
		{282BA32F-876B-49B9-94E0-7A64E7CB8412}.Debug|iPhoneSimulator.ActiveCfg = Debug|iPhoneSimulator
		{282BA32F-876B-49B9-94E0-7A64E7CB8412}.Debug|iPhoneSimulator.Build.0 = Debug|iPhoneSimulator
		{282BA32F-876B-49B9-94E0-7A64E7CB8412}.Debug|x64.ActiveCfg = Debug|iPhoneSimulator
		{282BA32F-876B-49B9-94E0-7A64E7CB8412}.Debug|x64.Build.0 = Debug|iPhoneSimulator
		{282BA32F-876B-49B9-94E0-7A64E7CB8412}.Debug|x86.ActiveCfg = Debug|iPhoneSimulator
		{282BA32F-876B-49B9-94E0-7A64E7CB8412}.Debug|x86.Build.0 = Debug|iPhoneSimulator
		{282BA32F-876B-49B9-94E0-7A64E7CB8412}.Release|Any CPU.ActiveCfg = Release|iPhone
		{282BA32F-876B-49B9-94E0-7A64E7CB8412}.Release|Any CPU.Build.0 = Release|iPhone
		{282BA32F-876B-49B9-94E0-7A64E7CB8412}.Release|iPhone.ActiveCfg = Release|iPhone
		{282BA32F-876B-49B9-94E0-7A64E7CB8412}.Release|iPhone.Build.0 = Release|iPhone
		{282BA32F-876B-49B9-94E0-7A64E7CB8412}.Release|iPhone.Deploy.0 = Release|iPhone
		{282BA32F-876B-49B9-94E0-7A64E7CB8412}.Release|iPhoneSimulator.ActiveCfg = Release|iPhoneSimulator
		{282BA32F-876B-49B9-94E0-7A64E7CB8412}.Release|iPhoneSimulator.Build.0 = Release|iPhoneSimulator
		{282BA32F-876B-49B9-94E0-7A64E7CB8412}.Release|x64.ActiveCfg = Release|iPhone
		{282BA32F-876B-49B9-94E0-7A64E7CB8412}.Release|x64.Build.0 = Release|iPhone
		{282BA32F-876B-49B9-94E0-7A64E7CB8412}.Release|x86.ActiveCfg = Release|iPhone
		{282BA32F-876B-49B9-94E0-7A64E7CB8412}.Release|x86.Build.0 = Release|iPhone
		{E99EA959-3490-4350-8BB3-44B470E274E1}.Ad-Hoc|Any CPU.ActiveCfg = Release|iPhoneSimulator
		{E99EA959-3490-4350-8BB3-44B470E274E1}.Ad-Hoc|Any CPU.Build.0 = Release|iPhoneSimulator
		{E99EA959-3490-4350-8BB3-44B470E274E1}.Ad-Hoc|iPhone.ActiveCfg = Release|iPhone
		{E99EA959-3490-4350-8BB3-44B470E274E1}.Ad-Hoc|iPhone.Build.0 = Release|iPhone
		{E99EA959-3490-4350-8BB3-44B470E274E1}.Ad-Hoc|iPhoneSimulator.ActiveCfg = Release|iPhoneSimulator
		{E99EA959-3490-4350-8BB3-44B470E274E1}.Ad-Hoc|iPhoneSimulator.Build.0 = Release|iPhoneSimulator
		{E99EA959-3490-4350-8BB3-44B470E274E1}.Ad-Hoc|x64.ActiveCfg = Release|iPhoneSimulator
		{E99EA959-3490-4350-8BB3-44B470E274E1}.Ad-Hoc|x64.Build.0 = Release|iPhoneSimulator
		{E99EA959-3490-4350-8BB3-44B470E274E1}.Ad-Hoc|x86.ActiveCfg = Release|iPhoneSimulator
		{E99EA959-3490-4350-8BB3-44B470E274E1}.Ad-Hoc|x86.Build.0 = Release|iPhoneSimulator
		{E99EA959-3490-4350-8BB3-44B470E274E1}.AppStore|Any CPU.ActiveCfg = Release|iPhoneSimulator
		{E99EA959-3490-4350-8BB3-44B470E274E1}.AppStore|Any CPU.Build.0 = Release|iPhoneSimulator
		{E99EA959-3490-4350-8BB3-44B470E274E1}.AppStore|iPhone.ActiveCfg = Release|iPhone
		{E99EA959-3490-4350-8BB3-44B470E274E1}.AppStore|iPhone.Build.0 = Release|iPhone
		{E99EA959-3490-4350-8BB3-44B470E274E1}.AppStore|iPhoneSimulator.ActiveCfg = Release|iPhoneSimulator
		{E99EA959-3490-4350-8BB3-44B470E274E1}.AppStore|iPhoneSimulator.Build.0 = Release|iPhoneSimulator
		{E99EA959-3490-4350-8BB3-44B470E274E1}.AppStore|x64.ActiveCfg = Release|iPhoneSimulator
		{E99EA959-3490-4350-8BB3-44B470E274E1}.AppStore|x64.Build.0 = Release|iPhoneSimulator
		{E99EA959-3490-4350-8BB3-44B470E274E1}.AppStore|x86.ActiveCfg = Release|iPhoneSimulator
		{E99EA959-3490-4350-8BB3-44B470E274E1}.AppStore|x86.Build.0 = Release|iPhoneSimulator
		{E99EA959-3490-4350-8BB3-44B470E274E1}.Debug|Any CPU.ActiveCfg = Debug|iPhoneSimulator
		{E99EA959-3490-4350-8BB3-44B470E274E1}.Debug|Any CPU.Build.0 = Debug|iPhoneSimulator
		{E99EA959-3490-4350-8BB3-44B470E274E1}.Debug|iPhone.ActiveCfg = Debug|iPhone
		{E99EA959-3490-4350-8BB3-44B470E274E1}.Debug|iPhone.Build.0 = Debug|iPhone
		{E99EA959-3490-4350-8BB3-44B470E274E1}.Debug|iPhone.Deploy.0 = Debug|iPhone
		{E99EA959-3490-4350-8BB3-44B470E274E1}.Debug|iPhoneSimulator.ActiveCfg = Debug|iPhoneSimulator
		{E99EA959-3490-4350-8BB3-44B470E274E1}.Debug|iPhoneSimulator.Build.0 = Debug|iPhoneSimulator
		{E99EA959-3490-4350-8BB3-44B470E274E1}.Debug|x64.ActiveCfg = Debug|iPhoneSimulator
		{E99EA959-3490-4350-8BB3-44B470E274E1}.Debug|x64.Build.0 = Debug|iPhoneSimulator
		{E99EA959-3490-4350-8BB3-44B470E274E1}.Debug|x86.ActiveCfg = Debug|iPhoneSimulator
		{E99EA959-3490-4350-8BB3-44B470E274E1}.Debug|x86.Build.0 = Debug|iPhoneSimulator
		{E99EA959-3490-4350-8BB3-44B470E274E1}.Release|Any CPU.ActiveCfg = Release|iPhone
		{E99EA959-3490-4350-8BB3-44B470E274E1}.Release|Any CPU.Build.0 = Release|iPhone
		{E99EA959-3490-4350-8BB3-44B470E274E1}.Release|iPhone.ActiveCfg = Release|iPhone
		{E99EA959-3490-4350-8BB3-44B470E274E1}.Release|iPhone.Build.0 = Release|iPhone
		{E99EA959-3490-4350-8BB3-44B470E274E1}.Release|iPhoneSimulator.ActiveCfg = Release|iPhoneSimulator
		{E99EA959-3490-4350-8BB3-44B470E274E1}.Release|iPhoneSimulator.Build.0 = Release|iPhoneSimulator
		{E99EA959-3490-4350-8BB3-44B470E274E1}.Release|x64.ActiveCfg = Release|iPhone
		{E99EA959-3490-4350-8BB3-44B470E274E1}.Release|x64.Build.0 = Release|iPhone
		{E99EA959-3490-4350-8BB3-44B470E274E1}.Release|x86.ActiveCfg = Release|iPhone
		{E99EA959-3490-4350-8BB3-44B470E274E1}.Release|x86.Build.0 = Release|iPhone
		{FE873419-4655-45E5-8FBD-FA1432BEF0D3}.Ad-Hoc|Any CPU.ActiveCfg = Release|iPhoneSimulator
		{FE873419-4655-45E5-8FBD-FA1432BEF0D3}.Ad-Hoc|Any CPU.Build.0 = Release|iPhoneSimulator
		{FE873419-4655-45E5-8FBD-FA1432BEF0D3}.Ad-Hoc|iPhone.ActiveCfg = Release|iPhone
		{FE873419-4655-45E5-8FBD-FA1432BEF0D3}.Ad-Hoc|iPhone.Build.0 = Release|iPhone
		{FE873419-4655-45E5-8FBD-FA1432BEF0D3}.Ad-Hoc|iPhoneSimulator.ActiveCfg = Release|iPhoneSimulator
		{FE873419-4655-45E5-8FBD-FA1432BEF0D3}.Ad-Hoc|iPhoneSimulator.Build.0 = Release|iPhoneSimulator
		{FE873419-4655-45E5-8FBD-FA1432BEF0D3}.Ad-Hoc|x64.ActiveCfg = Release|iPhoneSimulator
		{FE873419-4655-45E5-8FBD-FA1432BEF0D3}.Ad-Hoc|x64.Build.0 = Release|iPhoneSimulator
		{FE873419-4655-45E5-8FBD-FA1432BEF0D3}.Ad-Hoc|x86.ActiveCfg = Release|iPhoneSimulator
		{FE873419-4655-45E5-8FBD-FA1432BEF0D3}.Ad-Hoc|x86.Build.0 = Release|iPhoneSimulator
		{FE873419-4655-45E5-8FBD-FA1432BEF0D3}.AppStore|Any CPU.ActiveCfg = Release|iPhoneSimulator
		{FE873419-4655-45E5-8FBD-FA1432BEF0D3}.AppStore|Any CPU.Build.0 = Release|iPhoneSimulator
		{FE873419-4655-45E5-8FBD-FA1432BEF0D3}.AppStore|iPhone.ActiveCfg = Release|iPhone
		{FE873419-4655-45E5-8FBD-FA1432BEF0D3}.AppStore|iPhone.Build.0 = Release|iPhone
		{FE873419-4655-45E5-8FBD-FA1432BEF0D3}.AppStore|iPhoneSimulator.ActiveCfg = Release|iPhoneSimulator
		{FE873419-4655-45E5-8FBD-FA1432BEF0D3}.AppStore|iPhoneSimulator.Build.0 = Release|iPhoneSimulator
		{FE873419-4655-45E5-8FBD-FA1432BEF0D3}.AppStore|x64.ActiveCfg = Release|iPhoneSimulator
		{FE873419-4655-45E5-8FBD-FA1432BEF0D3}.AppStore|x64.Build.0 = Release|iPhoneSimulator
		{FE873419-4655-45E5-8FBD-FA1432BEF0D3}.AppStore|x86.ActiveCfg = Release|iPhoneSimulator
		{FE873419-4655-45E5-8FBD-FA1432BEF0D3}.AppStore|x86.Build.0 = Release|iPhoneSimulator
		{FE873419-4655-45E5-8FBD-FA1432BEF0D3}.Debug|Any CPU.ActiveCfg = Debug|iPhoneSimulator
		{FE873419-4655-45E5-8FBD-FA1432BEF0D3}.Debug|Any CPU.Build.0 = Debug|iPhoneSimulator
		{FE873419-4655-45E5-8FBD-FA1432BEF0D3}.Debug|iPhone.ActiveCfg = Debug|iPhone
		{FE873419-4655-45E5-8FBD-FA1432BEF0D3}.Debug|iPhone.Build.0 = Debug|iPhone
		{FE873419-4655-45E5-8FBD-FA1432BEF0D3}.Debug|iPhone.Deploy.0 = Debug|iPhone
		{FE873419-4655-45E5-8FBD-FA1432BEF0D3}.Debug|iPhoneSimulator.ActiveCfg = Debug|iPhoneSimulator
		{FE873419-4655-45E5-8FBD-FA1432BEF0D3}.Debug|iPhoneSimulator.Build.0 = Debug|iPhoneSimulator
		{FE873419-4655-45E5-8FBD-FA1432BEF0D3}.Debug|x64.ActiveCfg = Debug|iPhoneSimulator
		{FE873419-4655-45E5-8FBD-FA1432BEF0D3}.Debug|x64.Build.0 = Debug|iPhoneSimulator
		{FE873419-4655-45E5-8FBD-FA1432BEF0D3}.Debug|x86.ActiveCfg = Debug|iPhoneSimulator
		{FE873419-4655-45E5-8FBD-FA1432BEF0D3}.Debug|x86.Build.0 = Debug|iPhoneSimulator
		{FE873419-4655-45E5-8FBD-FA1432BEF0D3}.Release|Any CPU.ActiveCfg = Release|iPhone
		{FE873419-4655-45E5-8FBD-FA1432BEF0D3}.Release|Any CPU.Build.0 = Release|iPhone
		{FE873419-4655-45E5-8FBD-FA1432BEF0D3}.Release|iPhone.ActiveCfg = Release|iPhone
		{FE873419-4655-45E5-8FBD-FA1432BEF0D3}.Release|iPhone.Build.0 = Release|iPhone
		{FE873419-4655-45E5-8FBD-FA1432BEF0D3}.Release|iPhoneSimulator.ActiveCfg = Release|iPhoneSimulator
		{FE873419-4655-45E5-8FBD-FA1432BEF0D3}.Release|iPhoneSimulator.Build.0 = Release|iPhoneSimulator
		{FE873419-4655-45E5-8FBD-FA1432BEF0D3}.Release|x64.ActiveCfg = Release|iPhone
		{FE873419-4655-45E5-8FBD-FA1432BEF0D3}.Release|x64.Build.0 = Release|iPhone
		{FE873419-4655-45E5-8FBD-FA1432BEF0D3}.Release|x86.ActiveCfg = Release|iPhone
		{FE873419-4655-45E5-8FBD-FA1432BEF0D3}.Release|x86.Build.0 = Release|iPhone
		{01EAB0C0-10BD-4480-BA66-DB9BEE318643}.Ad-Hoc|Any CPU.ActiveCfg = Release|iPhoneSimulator
		{01EAB0C0-10BD-4480-BA66-DB9BEE318643}.Ad-Hoc|Any CPU.Build.0 = Release|iPhoneSimulator
		{01EAB0C0-10BD-4480-BA66-DB9BEE318643}.Ad-Hoc|iPhone.ActiveCfg = Release|iPhone
		{01EAB0C0-10BD-4480-BA66-DB9BEE318643}.Ad-Hoc|iPhone.Build.0 = Release|iPhone
		{01EAB0C0-10BD-4480-BA66-DB9BEE318643}.Ad-Hoc|iPhoneSimulator.ActiveCfg = Release|iPhoneSimulator
		{01EAB0C0-10BD-4480-BA66-DB9BEE318643}.Ad-Hoc|iPhoneSimulator.Build.0 = Release|iPhoneSimulator
		{01EAB0C0-10BD-4480-BA66-DB9BEE318643}.Ad-Hoc|x64.ActiveCfg = Release|iPhoneSimulator
		{01EAB0C0-10BD-4480-BA66-DB9BEE318643}.Ad-Hoc|x64.Build.0 = Release|iPhoneSimulator
		{01EAB0C0-10BD-4480-BA66-DB9BEE318643}.Ad-Hoc|x86.ActiveCfg = Release|iPhoneSimulator
		{01EAB0C0-10BD-4480-BA66-DB9BEE318643}.Ad-Hoc|x86.Build.0 = Release|iPhoneSimulator
		{01EAB0C0-10BD-4480-BA66-DB9BEE318643}.AppStore|Any CPU.ActiveCfg = Release|iPhoneSimulator
		{01EAB0C0-10BD-4480-BA66-DB9BEE318643}.AppStore|Any CPU.Build.0 = Release|iPhoneSimulator
		{01EAB0C0-10BD-4480-BA66-DB9BEE318643}.AppStore|iPhone.ActiveCfg = Release|iPhone
		{01EAB0C0-10BD-4480-BA66-DB9BEE318643}.AppStore|iPhone.Build.0 = Release|iPhone
		{01EAB0C0-10BD-4480-BA66-DB9BEE318643}.AppStore|iPhoneSimulator.ActiveCfg = Release|iPhoneSimulator
		{01EAB0C0-10BD-4480-BA66-DB9BEE318643}.AppStore|iPhoneSimulator.Build.0 = Release|iPhoneSimulator
		{01EAB0C0-10BD-4480-BA66-DB9BEE318643}.AppStore|x64.ActiveCfg = Release|iPhoneSimulator
		{01EAB0C0-10BD-4480-BA66-DB9BEE318643}.AppStore|x64.Build.0 = Release|iPhoneSimulator
		{01EAB0C0-10BD-4480-BA66-DB9BEE318643}.AppStore|x86.ActiveCfg = Release|iPhoneSimulator
		{01EAB0C0-10BD-4480-BA66-DB9BEE318643}.AppStore|x86.Build.0 = Release|iPhoneSimulator
		{01EAB0C0-10BD-4480-BA66-DB9BEE318643}.Debug|Any CPU.ActiveCfg = Debug|iPhoneSimulator
		{01EAB0C0-10BD-4480-BA66-DB9BEE318643}.Debug|Any CPU.Build.0 = Debug|iPhoneSimulator
		{01EAB0C0-10BD-4480-BA66-DB9BEE318643}.Debug|iPhone.ActiveCfg = Debug|iPhone
		{01EAB0C0-10BD-4480-BA66-DB9BEE318643}.Debug|iPhone.Build.0 = Debug|iPhone
		{01EAB0C0-10BD-4480-BA66-DB9BEE318643}.Debug|iPhone.Deploy.0 = Debug|iPhone
		{01EAB0C0-10BD-4480-BA66-DB9BEE318643}.Debug|iPhoneSimulator.ActiveCfg = Debug|iPhoneSimulator
		{01EAB0C0-10BD-4480-BA66-DB9BEE318643}.Debug|iPhoneSimulator.Build.0 = Debug|iPhoneSimulator
		{01EAB0C0-10BD-4480-BA66-DB9BEE318643}.Debug|x64.ActiveCfg = Debug|iPhoneSimulator
		{01EAB0C0-10BD-4480-BA66-DB9BEE318643}.Debug|x64.Build.0 = Debug|iPhoneSimulator
		{01EAB0C0-10BD-4480-BA66-DB9BEE318643}.Debug|x86.ActiveCfg = Debug|iPhoneSimulator
		{01EAB0C0-10BD-4480-BA66-DB9BEE318643}.Debug|x86.Build.0 = Debug|iPhoneSimulator
		{01EAB0C0-10BD-4480-BA66-DB9BEE318643}.Release|Any CPU.ActiveCfg = Release|iPhone
		{01EAB0C0-10BD-4480-BA66-DB9BEE318643}.Release|Any CPU.Build.0 = Release|iPhone
		{01EAB0C0-10BD-4480-BA66-DB9BEE318643}.Release|iPhone.ActiveCfg = Release|iPhone
		{01EAB0C0-10BD-4480-BA66-DB9BEE318643}.Release|iPhone.Build.0 = Release|iPhone
		{01EAB0C0-10BD-4480-BA66-DB9BEE318643}.Release|iPhoneSimulator.ActiveCfg = Release|iPhoneSimulator
		{01EAB0C0-10BD-4480-BA66-DB9BEE318643}.Release|iPhoneSimulator.Build.0 = Release|iPhoneSimulator
		{01EAB0C0-10BD-4480-BA66-DB9BEE318643}.Release|x64.ActiveCfg = Release|iPhone
		{01EAB0C0-10BD-4480-BA66-DB9BEE318643}.Release|x64.Build.0 = Release|iPhone
		{01EAB0C0-10BD-4480-BA66-DB9BEE318643}.Release|x86.ActiveCfg = Release|iPhone
		{01EAB0C0-10BD-4480-BA66-DB9BEE318643}.Release|x86.Build.0 = Release|iPhone
		{512D08BF-DF4C-409F-A249-3B199C6E203E}.Ad-Hoc|Any CPU.ActiveCfg = Release|iPhoneSimulator
		{512D08BF-DF4C-409F-A249-3B199C6E203E}.Ad-Hoc|Any CPU.Build.0 = Release|iPhoneSimulator
		{512D08BF-DF4C-409F-A249-3B199C6E203E}.Ad-Hoc|iPhone.ActiveCfg = Release|iPhone
		{512D08BF-DF4C-409F-A249-3B199C6E203E}.Ad-Hoc|iPhone.Build.0 = Release|iPhone
		{512D08BF-DF4C-409F-A249-3B199C6E203E}.Ad-Hoc|iPhoneSimulator.ActiveCfg = Release|iPhoneSimulator
		{512D08BF-DF4C-409F-A249-3B199C6E203E}.Ad-Hoc|iPhoneSimulator.Build.0 = Release|iPhoneSimulator
		{512D08BF-DF4C-409F-A249-3B199C6E203E}.Ad-Hoc|x64.ActiveCfg = Release|iPhoneSimulator
		{512D08BF-DF4C-409F-A249-3B199C6E203E}.Ad-Hoc|x64.Build.0 = Release|iPhoneSimulator
		{512D08BF-DF4C-409F-A249-3B199C6E203E}.Ad-Hoc|x86.ActiveCfg = Release|iPhoneSimulator
		{512D08BF-DF4C-409F-A249-3B199C6E203E}.Ad-Hoc|x86.Build.0 = Release|iPhoneSimulator
		{512D08BF-DF4C-409F-A249-3B199C6E203E}.AppStore|Any CPU.ActiveCfg = Release|iPhoneSimulator
		{512D08BF-DF4C-409F-A249-3B199C6E203E}.AppStore|Any CPU.Build.0 = Release|iPhoneSimulator
		{512D08BF-DF4C-409F-A249-3B199C6E203E}.AppStore|iPhone.ActiveCfg = Release|iPhone
		{512D08BF-DF4C-409F-A249-3B199C6E203E}.AppStore|iPhone.Build.0 = Release|iPhone
		{512D08BF-DF4C-409F-A249-3B199C6E203E}.AppStore|iPhoneSimulator.ActiveCfg = Release|iPhoneSimulator
		{512D08BF-DF4C-409F-A249-3B199C6E203E}.AppStore|iPhoneSimulator.Build.0 = Release|iPhoneSimulator
		{512D08BF-DF4C-409F-A249-3B199C6E203E}.AppStore|x64.ActiveCfg = Release|iPhoneSimulator
		{512D08BF-DF4C-409F-A249-3B199C6E203E}.AppStore|x64.Build.0 = Release|iPhoneSimulator
		{512D08BF-DF4C-409F-A249-3B199C6E203E}.AppStore|x86.ActiveCfg = Release|iPhoneSimulator
		{512D08BF-DF4C-409F-A249-3B199C6E203E}.AppStore|x86.Build.0 = Release|iPhoneSimulator
		{512D08BF-DF4C-409F-A249-3B199C6E203E}.Debug|Any CPU.ActiveCfg = Debug|iPhoneSimulator
		{512D08BF-DF4C-409F-A249-3B199C6E203E}.Debug|Any CPU.Build.0 = Debug|iPhoneSimulator
		{512D08BF-DF4C-409F-A249-3B199C6E203E}.Debug|iPhone.ActiveCfg = Debug|iPhone
		{512D08BF-DF4C-409F-A249-3B199C6E203E}.Debug|iPhone.Build.0 = Debug|iPhone
		{512D08BF-DF4C-409F-A249-3B199C6E203E}.Debug|iPhone.Deploy.0 = Debug|iPhone
		{512D08BF-DF4C-409F-A249-3B199C6E203E}.Debug|iPhoneSimulator.ActiveCfg = Debug|iPhoneSimulator
		{512D08BF-DF4C-409F-A249-3B199C6E203E}.Debug|iPhoneSimulator.Build.0 = Debug|iPhoneSimulator
		{512D08BF-DF4C-409F-A249-3B199C6E203E}.Debug|x64.ActiveCfg = Debug|iPhoneSimulator
		{512D08BF-DF4C-409F-A249-3B199C6E203E}.Debug|x64.Build.0 = Debug|iPhoneSimulator
		{512D08BF-DF4C-409F-A249-3B199C6E203E}.Debug|x86.ActiveCfg = Debug|iPhoneSimulator
		{512D08BF-DF4C-409F-A249-3B199C6E203E}.Debug|x86.Build.0 = Debug|iPhoneSimulator
		{512D08BF-DF4C-409F-A249-3B199C6E203E}.Release|Any CPU.ActiveCfg = Release|iPhone
		{512D08BF-DF4C-409F-A249-3B199C6E203E}.Release|Any CPU.Build.0 = Release|iPhone
		{512D08BF-DF4C-409F-A249-3B199C6E203E}.Release|iPhone.ActiveCfg = Release|iPhone
		{512D08BF-DF4C-409F-A249-3B199C6E203E}.Release|iPhone.Build.0 = Release|iPhone
		{512D08BF-DF4C-409F-A249-3B199C6E203E}.Release|iPhoneSimulator.ActiveCfg = Release|iPhoneSimulator
		{512D08BF-DF4C-409F-A249-3B199C6E203E}.Release|iPhoneSimulator.Build.0 = Release|iPhoneSimulator
		{512D08BF-DF4C-409F-A249-3B199C6E203E}.Release|x64.ActiveCfg = Release|iPhone
		{512D08BF-DF4C-409F-A249-3B199C6E203E}.Release|x64.Build.0 = Release|iPhone
		{512D08BF-DF4C-409F-A249-3B199C6E203E}.Release|x86.ActiveCfg = Release|iPhone
		{512D08BF-DF4C-409F-A249-3B199C6E203E}.Release|x86.Build.0 = Release|iPhone
		{464C4D55-9911-40FD-8422-A84F92AB7A2D}.Ad-Hoc|Any CPU.ActiveCfg = Release|iPhoneSimulator
		{464C4D55-9911-40FD-8422-A84F92AB7A2D}.Ad-Hoc|Any CPU.Build.0 = Release|iPhoneSimulator
		{464C4D55-9911-40FD-8422-A84F92AB7A2D}.Ad-Hoc|iPhone.ActiveCfg = Release|iPhone
		{464C4D55-9911-40FD-8422-A84F92AB7A2D}.Ad-Hoc|iPhone.Build.0 = Release|iPhone
		{464C4D55-9911-40FD-8422-A84F92AB7A2D}.Ad-Hoc|iPhoneSimulator.ActiveCfg = Release|iPhoneSimulator
		{464C4D55-9911-40FD-8422-A84F92AB7A2D}.Ad-Hoc|iPhoneSimulator.Build.0 = Release|iPhoneSimulator
		{464C4D55-9911-40FD-8422-A84F92AB7A2D}.Ad-Hoc|x64.ActiveCfg = Release|iPhoneSimulator
		{464C4D55-9911-40FD-8422-A84F92AB7A2D}.Ad-Hoc|x64.Build.0 = Release|iPhoneSimulator
		{464C4D55-9911-40FD-8422-A84F92AB7A2D}.Ad-Hoc|x86.ActiveCfg = Release|iPhoneSimulator
		{464C4D55-9911-40FD-8422-A84F92AB7A2D}.Ad-Hoc|x86.Build.0 = Release|iPhoneSimulator
		{464C4D55-9911-40FD-8422-A84F92AB7A2D}.AppStore|Any CPU.ActiveCfg = Release|iPhoneSimulator
		{464C4D55-9911-40FD-8422-A84F92AB7A2D}.AppStore|Any CPU.Build.0 = Release|iPhoneSimulator
		{464C4D55-9911-40FD-8422-A84F92AB7A2D}.AppStore|iPhone.ActiveCfg = Release|iPhone
		{464C4D55-9911-40FD-8422-A84F92AB7A2D}.AppStore|iPhone.Build.0 = Release|iPhone
		{464C4D55-9911-40FD-8422-A84F92AB7A2D}.AppStore|iPhoneSimulator.ActiveCfg = Release|iPhoneSimulator
		{464C4D55-9911-40FD-8422-A84F92AB7A2D}.AppStore|iPhoneSimulator.Build.0 = Release|iPhoneSimulator
		{464C4D55-9911-40FD-8422-A84F92AB7A2D}.AppStore|x64.ActiveCfg = Release|iPhoneSimulator
		{464C4D55-9911-40FD-8422-A84F92AB7A2D}.AppStore|x64.Build.0 = Release|iPhoneSimulator
		{464C4D55-9911-40FD-8422-A84F92AB7A2D}.AppStore|x86.ActiveCfg = Release|iPhoneSimulator
		{464C4D55-9911-40FD-8422-A84F92AB7A2D}.AppStore|x86.Build.0 = Release|iPhoneSimulator
		{464C4D55-9911-40FD-8422-A84F92AB7A2D}.Debug|Any CPU.ActiveCfg = Debug|iPhoneSimulator
		{464C4D55-9911-40FD-8422-A84F92AB7A2D}.Debug|Any CPU.Build.0 = Debug|iPhoneSimulator
		{464C4D55-9911-40FD-8422-A84F92AB7A2D}.Debug|iPhone.ActiveCfg = Debug|iPhone
		{464C4D55-9911-40FD-8422-A84F92AB7A2D}.Debug|iPhone.Build.0 = Debug|iPhone
		{464C4D55-9911-40FD-8422-A84F92AB7A2D}.Debug|iPhone.Deploy.0 = Debug|iPhone
		{464C4D55-9911-40FD-8422-A84F92AB7A2D}.Debug|iPhoneSimulator.ActiveCfg = Debug|iPhoneSimulator
		{464C4D55-9911-40FD-8422-A84F92AB7A2D}.Debug|iPhoneSimulator.Build.0 = Debug|iPhoneSimulator
		{464C4D55-9911-40FD-8422-A84F92AB7A2D}.Debug|x64.ActiveCfg = Debug|iPhoneSimulator
		{464C4D55-9911-40FD-8422-A84F92AB7A2D}.Debug|x64.Build.0 = Debug|iPhoneSimulator
		{464C4D55-9911-40FD-8422-A84F92AB7A2D}.Debug|x86.ActiveCfg = Debug|iPhoneSimulator
		{464C4D55-9911-40FD-8422-A84F92AB7A2D}.Debug|x86.Build.0 = Debug|iPhoneSimulator
		{464C4D55-9911-40FD-8422-A84F92AB7A2D}.Release|Any CPU.ActiveCfg = Release|iPhone
		{464C4D55-9911-40FD-8422-A84F92AB7A2D}.Release|Any CPU.Build.0 = Release|iPhone
		{464C4D55-9911-40FD-8422-A84F92AB7A2D}.Release|iPhone.ActiveCfg = Release|iPhone
		{464C4D55-9911-40FD-8422-A84F92AB7A2D}.Release|iPhone.Build.0 = Release|iPhone
		{464C4D55-9911-40FD-8422-A84F92AB7A2D}.Release|iPhoneSimulator.ActiveCfg = Release|iPhoneSimulator
		{464C4D55-9911-40FD-8422-A84F92AB7A2D}.Release|iPhoneSimulator.Build.0 = Release|iPhoneSimulator
		{464C4D55-9911-40FD-8422-A84F92AB7A2D}.Release|x64.ActiveCfg = Release|iPhone
		{464C4D55-9911-40FD-8422-A84F92AB7A2D}.Release|x64.Build.0 = Release|iPhone
		{464C4D55-9911-40FD-8422-A84F92AB7A2D}.Release|x86.ActiveCfg = Release|iPhone
		{464C4D55-9911-40FD-8422-A84F92AB7A2D}.Release|x86.Build.0 = Release|iPhone
		{25C1AA1D-E6D8-4FA6-88D9-D6E683F5AAA9}.Ad-Hoc|Any CPU.ActiveCfg = Release|iPhoneSimulator
		{25C1AA1D-E6D8-4FA6-88D9-D6E683F5AAA9}.Ad-Hoc|Any CPU.Build.0 = Release|iPhoneSimulator
		{25C1AA1D-E6D8-4FA6-88D9-D6E683F5AAA9}.Ad-Hoc|iPhone.ActiveCfg = Release|iPhone
		{25C1AA1D-E6D8-4FA6-88D9-D6E683F5AAA9}.Ad-Hoc|iPhone.Build.0 = Release|iPhone
		{25C1AA1D-E6D8-4FA6-88D9-D6E683F5AAA9}.Ad-Hoc|iPhoneSimulator.ActiveCfg = Release|iPhoneSimulator
		{25C1AA1D-E6D8-4FA6-88D9-D6E683F5AAA9}.Ad-Hoc|iPhoneSimulator.Build.0 = Release|iPhoneSimulator
		{25C1AA1D-E6D8-4FA6-88D9-D6E683F5AAA9}.Ad-Hoc|x64.ActiveCfg = Release|iPhoneSimulator
		{25C1AA1D-E6D8-4FA6-88D9-D6E683F5AAA9}.Ad-Hoc|x64.Build.0 = Release|iPhoneSimulator
		{25C1AA1D-E6D8-4FA6-88D9-D6E683F5AAA9}.Ad-Hoc|x86.ActiveCfg = Release|iPhoneSimulator
		{25C1AA1D-E6D8-4FA6-88D9-D6E683F5AAA9}.Ad-Hoc|x86.Build.0 = Release|iPhoneSimulator
		{25C1AA1D-E6D8-4FA6-88D9-D6E683F5AAA9}.AppStore|Any CPU.ActiveCfg = Release|iPhoneSimulator
		{25C1AA1D-E6D8-4FA6-88D9-D6E683F5AAA9}.AppStore|Any CPU.Build.0 = Release|iPhoneSimulator
		{25C1AA1D-E6D8-4FA6-88D9-D6E683F5AAA9}.AppStore|iPhone.ActiveCfg = Release|iPhone
		{25C1AA1D-E6D8-4FA6-88D9-D6E683F5AAA9}.AppStore|iPhone.Build.0 = Release|iPhone
		{25C1AA1D-E6D8-4FA6-88D9-D6E683F5AAA9}.AppStore|iPhoneSimulator.ActiveCfg = Release|iPhoneSimulator
		{25C1AA1D-E6D8-4FA6-88D9-D6E683F5AAA9}.AppStore|iPhoneSimulator.Build.0 = Release|iPhoneSimulator
		{25C1AA1D-E6D8-4FA6-88D9-D6E683F5AAA9}.AppStore|x64.ActiveCfg = Release|iPhoneSimulator
		{25C1AA1D-E6D8-4FA6-88D9-D6E683F5AAA9}.AppStore|x64.Build.0 = Release|iPhoneSimulator
		{25C1AA1D-E6D8-4FA6-88D9-D6E683F5AAA9}.AppStore|x86.ActiveCfg = Release|iPhoneSimulator
		{25C1AA1D-E6D8-4FA6-88D9-D6E683F5AAA9}.AppStore|x86.Build.0 = Release|iPhoneSimulator
		{25C1AA1D-E6D8-4FA6-88D9-D6E683F5AAA9}.Debug|Any CPU.ActiveCfg = Debug|iPhoneSimulator
		{25C1AA1D-E6D8-4FA6-88D9-D6E683F5AAA9}.Debug|Any CPU.Build.0 = Debug|iPhoneSimulator
		{25C1AA1D-E6D8-4FA6-88D9-D6E683F5AAA9}.Debug|iPhone.ActiveCfg = Debug|iPhone
		{25C1AA1D-E6D8-4FA6-88D9-D6E683F5AAA9}.Debug|iPhone.Build.0 = Debug|iPhone
		{25C1AA1D-E6D8-4FA6-88D9-D6E683F5AAA9}.Debug|iPhone.Deploy.0 = Debug|iPhone
		{25C1AA1D-E6D8-4FA6-88D9-D6E683F5AAA9}.Debug|iPhoneSimulator.ActiveCfg = Debug|iPhoneSimulator
		{25C1AA1D-E6D8-4FA6-88D9-D6E683F5AAA9}.Debug|iPhoneSimulator.Build.0 = Debug|iPhoneSimulator
		{25C1AA1D-E6D8-4FA6-88D9-D6E683F5AAA9}.Debug|x64.ActiveCfg = Debug|iPhoneSimulator
		{25C1AA1D-E6D8-4FA6-88D9-D6E683F5AAA9}.Debug|x64.Build.0 = Debug|iPhoneSimulator
		{25C1AA1D-E6D8-4FA6-88D9-D6E683F5AAA9}.Debug|x86.ActiveCfg = Debug|iPhoneSimulator
		{25C1AA1D-E6D8-4FA6-88D9-D6E683F5AAA9}.Debug|x86.Build.0 = Debug|iPhoneSimulator
		{25C1AA1D-E6D8-4FA6-88D9-D6E683F5AAA9}.Release|Any CPU.ActiveCfg = Release|iPhone
		{25C1AA1D-E6D8-4FA6-88D9-D6E683F5AAA9}.Release|Any CPU.Build.0 = Release|iPhone
		{25C1AA1D-E6D8-4FA6-88D9-D6E683F5AAA9}.Release|iPhone.ActiveCfg = Release|iPhone
		{25C1AA1D-E6D8-4FA6-88D9-D6E683F5AAA9}.Release|iPhone.Build.0 = Release|iPhone
		{25C1AA1D-E6D8-4FA6-88D9-D6E683F5AAA9}.Release|iPhoneSimulator.ActiveCfg = Release|iPhoneSimulator
		{25C1AA1D-E6D8-4FA6-88D9-D6E683F5AAA9}.Release|iPhoneSimulator.Build.0 = Release|iPhoneSimulator
		{25C1AA1D-E6D8-4FA6-88D9-D6E683F5AAA9}.Release|x64.ActiveCfg = Release|iPhone
		{25C1AA1D-E6D8-4FA6-88D9-D6E683F5AAA9}.Release|x64.Build.0 = Release|iPhone
		{25C1AA1D-E6D8-4FA6-88D9-D6E683F5AAA9}.Release|x86.ActiveCfg = Release|iPhone
		{25C1AA1D-E6D8-4FA6-88D9-D6E683F5AAA9}.Release|x86.Build.0 = Release|iPhone
		{03B0F0FB-5AC9-4A58-A94A-6F50BF5B62F3}.Ad-Hoc|Any CPU.ActiveCfg = Release|iPhoneSimulator
		{03B0F0FB-5AC9-4A58-A94A-6F50BF5B62F3}.Ad-Hoc|Any CPU.Build.0 = Release|iPhoneSimulator
		{03B0F0FB-5AC9-4A58-A94A-6F50BF5B62F3}.Ad-Hoc|iPhone.ActiveCfg = Release|iPhone
		{03B0F0FB-5AC9-4A58-A94A-6F50BF5B62F3}.Ad-Hoc|iPhone.Build.0 = Release|iPhone
		{03B0F0FB-5AC9-4A58-A94A-6F50BF5B62F3}.Ad-Hoc|iPhoneSimulator.ActiveCfg = Release|iPhoneSimulator
		{03B0F0FB-5AC9-4A58-A94A-6F50BF5B62F3}.Ad-Hoc|iPhoneSimulator.Build.0 = Release|iPhoneSimulator
		{03B0F0FB-5AC9-4A58-A94A-6F50BF5B62F3}.Ad-Hoc|x64.ActiveCfg = Release|iPhoneSimulator
		{03B0F0FB-5AC9-4A58-A94A-6F50BF5B62F3}.Ad-Hoc|x64.Build.0 = Release|iPhoneSimulator
		{03B0F0FB-5AC9-4A58-A94A-6F50BF5B62F3}.Ad-Hoc|x86.ActiveCfg = Release|iPhoneSimulator
		{03B0F0FB-5AC9-4A58-A94A-6F50BF5B62F3}.Ad-Hoc|x86.Build.0 = Release|iPhoneSimulator
		{03B0F0FB-5AC9-4A58-A94A-6F50BF5B62F3}.AppStore|Any CPU.ActiveCfg = Release|iPhoneSimulator
		{03B0F0FB-5AC9-4A58-A94A-6F50BF5B62F3}.AppStore|Any CPU.Build.0 = Release|iPhoneSimulator
		{03B0F0FB-5AC9-4A58-A94A-6F50BF5B62F3}.AppStore|iPhone.ActiveCfg = Release|iPhone
		{03B0F0FB-5AC9-4A58-A94A-6F50BF5B62F3}.AppStore|iPhone.Build.0 = Release|iPhone
		{03B0F0FB-5AC9-4A58-A94A-6F50BF5B62F3}.AppStore|iPhoneSimulator.ActiveCfg = Release|iPhoneSimulator
		{03B0F0FB-5AC9-4A58-A94A-6F50BF5B62F3}.AppStore|iPhoneSimulator.Build.0 = Release|iPhoneSimulator
		{03B0F0FB-5AC9-4A58-A94A-6F50BF5B62F3}.AppStore|x64.ActiveCfg = Release|iPhoneSimulator
		{03B0F0FB-5AC9-4A58-A94A-6F50BF5B62F3}.AppStore|x64.Build.0 = Release|iPhoneSimulator
		{03B0F0FB-5AC9-4A58-A94A-6F50BF5B62F3}.AppStore|x86.ActiveCfg = Release|iPhoneSimulator
		{03B0F0FB-5AC9-4A58-A94A-6F50BF5B62F3}.AppStore|x86.Build.0 = Release|iPhoneSimulator
		{03B0F0FB-5AC9-4A58-A94A-6F50BF5B62F3}.Debug|Any CPU.ActiveCfg = Debug|iPhoneSimulator
		{03B0F0FB-5AC9-4A58-A94A-6F50BF5B62F3}.Debug|Any CPU.Build.0 = Debug|iPhoneSimulator
		{03B0F0FB-5AC9-4A58-A94A-6F50BF5B62F3}.Debug|iPhone.ActiveCfg = Debug|iPhone
		{03B0F0FB-5AC9-4A58-A94A-6F50BF5B62F3}.Debug|iPhone.Build.0 = Debug|iPhone
		{03B0F0FB-5AC9-4A58-A94A-6F50BF5B62F3}.Debug|iPhone.Deploy.0 = Debug|iPhone
		{03B0F0FB-5AC9-4A58-A94A-6F50BF5B62F3}.Debug|iPhoneSimulator.ActiveCfg = Debug|iPhoneSimulator
		{03B0F0FB-5AC9-4A58-A94A-6F50BF5B62F3}.Debug|iPhoneSimulator.Build.0 = Debug|iPhoneSimulator
		{03B0F0FB-5AC9-4A58-A94A-6F50BF5B62F3}.Debug|x64.ActiveCfg = Debug|iPhoneSimulator
		{03B0F0FB-5AC9-4A58-A94A-6F50BF5B62F3}.Debug|x64.Build.0 = Debug|iPhoneSimulator
		{03B0F0FB-5AC9-4A58-A94A-6F50BF5B62F3}.Debug|x86.ActiveCfg = Debug|iPhoneSimulator
		{03B0F0FB-5AC9-4A58-A94A-6F50BF5B62F3}.Debug|x86.Build.0 = Debug|iPhoneSimulator
		{03B0F0FB-5AC9-4A58-A94A-6F50BF5B62F3}.Release|Any CPU.ActiveCfg = Release|iPhone
		{03B0F0FB-5AC9-4A58-A94A-6F50BF5B62F3}.Release|Any CPU.Build.0 = Release|iPhone
		{03B0F0FB-5AC9-4A58-A94A-6F50BF5B62F3}.Release|iPhone.ActiveCfg = Release|iPhone
		{03B0F0FB-5AC9-4A58-A94A-6F50BF5B62F3}.Release|iPhone.Build.0 = Release|iPhone
		{03B0F0FB-5AC9-4A58-A94A-6F50BF5B62F3}.Release|iPhoneSimulator.ActiveCfg = Release|iPhoneSimulator
		{03B0F0FB-5AC9-4A58-A94A-6F50BF5B62F3}.Release|iPhoneSimulator.Build.0 = Release|iPhoneSimulator
		{03B0F0FB-5AC9-4A58-A94A-6F50BF5B62F3}.Release|x64.ActiveCfg = Release|iPhone
		{03B0F0FB-5AC9-4A58-A94A-6F50BF5B62F3}.Release|x64.Build.0 = Release|iPhone
		{03B0F0FB-5AC9-4A58-A94A-6F50BF5B62F3}.Release|x86.ActiveCfg = Release|iPhone
		{03B0F0FB-5AC9-4A58-A94A-6F50BF5B62F3}.Release|x86.Build.0 = Release|iPhone
		{B6607548-EC95-4AA9-954D-902C81A2D1CA}.Ad-Hoc|Any CPU.ActiveCfg = Release|iPhoneSimulator
		{B6607548-EC95-4AA9-954D-902C81A2D1CA}.Ad-Hoc|Any CPU.Build.0 = Release|iPhoneSimulator
		{B6607548-EC95-4AA9-954D-902C81A2D1CA}.Ad-Hoc|iPhone.ActiveCfg = Release|iPhone
		{B6607548-EC95-4AA9-954D-902C81A2D1CA}.Ad-Hoc|iPhone.Build.0 = Release|iPhone
		{B6607548-EC95-4AA9-954D-902C81A2D1CA}.Ad-Hoc|iPhoneSimulator.ActiveCfg = Release|iPhoneSimulator
		{B6607548-EC95-4AA9-954D-902C81A2D1CA}.Ad-Hoc|iPhoneSimulator.Build.0 = Release|iPhoneSimulator
		{B6607548-EC95-4AA9-954D-902C81A2D1CA}.Ad-Hoc|x64.ActiveCfg = Release|iPhoneSimulator
		{B6607548-EC95-4AA9-954D-902C81A2D1CA}.Ad-Hoc|x64.Build.0 = Release|iPhoneSimulator
		{B6607548-EC95-4AA9-954D-902C81A2D1CA}.Ad-Hoc|x86.ActiveCfg = Release|iPhoneSimulator
		{B6607548-EC95-4AA9-954D-902C81A2D1CA}.Ad-Hoc|x86.Build.0 = Release|iPhoneSimulator
		{B6607548-EC95-4AA9-954D-902C81A2D1CA}.AppStore|Any CPU.ActiveCfg = Release|iPhoneSimulator
		{B6607548-EC95-4AA9-954D-902C81A2D1CA}.AppStore|Any CPU.Build.0 = Release|iPhoneSimulator
		{B6607548-EC95-4AA9-954D-902C81A2D1CA}.AppStore|iPhone.ActiveCfg = Release|iPhone
		{B6607548-EC95-4AA9-954D-902C81A2D1CA}.AppStore|iPhone.Build.0 = Release|iPhone
		{B6607548-EC95-4AA9-954D-902C81A2D1CA}.AppStore|iPhoneSimulator.ActiveCfg = Release|iPhoneSimulator
		{B6607548-EC95-4AA9-954D-902C81A2D1CA}.AppStore|iPhoneSimulator.Build.0 = Release|iPhoneSimulator
		{B6607548-EC95-4AA9-954D-902C81A2D1CA}.AppStore|x64.ActiveCfg = Release|iPhoneSimulator
		{B6607548-EC95-4AA9-954D-902C81A2D1CA}.AppStore|x64.Build.0 = Release|iPhoneSimulator
		{B6607548-EC95-4AA9-954D-902C81A2D1CA}.AppStore|x86.ActiveCfg = Release|iPhoneSimulator
		{B6607548-EC95-4AA9-954D-902C81A2D1CA}.AppStore|x86.Build.0 = Release|iPhoneSimulator
		{B6607548-EC95-4AA9-954D-902C81A2D1CA}.Debug|Any CPU.ActiveCfg = Debug|iPhoneSimulator
		{B6607548-EC95-4AA9-954D-902C81A2D1CA}.Debug|Any CPU.Build.0 = Debug|iPhoneSimulator
		{B6607548-EC95-4AA9-954D-902C81A2D1CA}.Debug|iPhone.ActiveCfg = Debug|iPhone
		{B6607548-EC95-4AA9-954D-902C81A2D1CA}.Debug|iPhone.Build.0 = Debug|iPhone
		{B6607548-EC95-4AA9-954D-902C81A2D1CA}.Debug|iPhone.Deploy.0 = Debug|iPhone
		{B6607548-EC95-4AA9-954D-902C81A2D1CA}.Debug|iPhoneSimulator.ActiveCfg = Debug|iPhoneSimulator
		{B6607548-EC95-4AA9-954D-902C81A2D1CA}.Debug|iPhoneSimulator.Build.0 = Debug|iPhoneSimulator
		{B6607548-EC95-4AA9-954D-902C81A2D1CA}.Debug|x64.ActiveCfg = Debug|iPhoneSimulator
		{B6607548-EC95-4AA9-954D-902C81A2D1CA}.Debug|x64.Build.0 = Debug|iPhoneSimulator
		{B6607548-EC95-4AA9-954D-902C81A2D1CA}.Debug|x86.ActiveCfg = Debug|iPhoneSimulator
		{B6607548-EC95-4AA9-954D-902C81A2D1CA}.Debug|x86.Build.0 = Debug|iPhoneSimulator
		{B6607548-EC95-4AA9-954D-902C81A2D1CA}.Release|Any CPU.ActiveCfg = Release|iPhone
		{B6607548-EC95-4AA9-954D-902C81A2D1CA}.Release|Any CPU.Build.0 = Release|iPhone
		{B6607548-EC95-4AA9-954D-902C81A2D1CA}.Release|iPhone.ActiveCfg = Release|iPhone
		{B6607548-EC95-4AA9-954D-902C81A2D1CA}.Release|iPhone.Build.0 = Release|iPhone
		{B6607548-EC95-4AA9-954D-902C81A2D1CA}.Release|iPhoneSimulator.ActiveCfg = Release|iPhoneSimulator
		{B6607548-EC95-4AA9-954D-902C81A2D1CA}.Release|iPhoneSimulator.Build.0 = Release|iPhoneSimulator
		{B6607548-EC95-4AA9-954D-902C81A2D1CA}.Release|x64.ActiveCfg = Release|iPhone
		{B6607548-EC95-4AA9-954D-902C81A2D1CA}.Release|x64.Build.0 = Release|iPhone
		{B6607548-EC95-4AA9-954D-902C81A2D1CA}.Release|x86.ActiveCfg = Release|iPhone
		{B6607548-EC95-4AA9-954D-902C81A2D1CA}.Release|x86.Build.0 = Release|iPhone
		{0E0C07EC-DF17-4E5B-BEA1-8946BCA65634}.Ad-Hoc|Any CPU.ActiveCfg = Release|iPhoneSimulator
		{0E0C07EC-DF17-4E5B-BEA1-8946BCA65634}.Ad-Hoc|Any CPU.Build.0 = Release|iPhoneSimulator
		{0E0C07EC-DF17-4E5B-BEA1-8946BCA65634}.Ad-Hoc|iPhone.ActiveCfg = Release|iPhone
		{0E0C07EC-DF17-4E5B-BEA1-8946BCA65634}.Ad-Hoc|iPhone.Build.0 = Release|iPhone
		{0E0C07EC-DF17-4E5B-BEA1-8946BCA65634}.Ad-Hoc|iPhoneSimulator.ActiveCfg = Release|iPhoneSimulator
		{0E0C07EC-DF17-4E5B-BEA1-8946BCA65634}.Ad-Hoc|iPhoneSimulator.Build.0 = Release|iPhoneSimulator
		{0E0C07EC-DF17-4E5B-BEA1-8946BCA65634}.Ad-Hoc|x64.ActiveCfg = Release|iPhoneSimulator
		{0E0C07EC-DF17-4E5B-BEA1-8946BCA65634}.Ad-Hoc|x64.Build.0 = Release|iPhoneSimulator
		{0E0C07EC-DF17-4E5B-BEA1-8946BCA65634}.Ad-Hoc|x86.ActiveCfg = Release|iPhoneSimulator
		{0E0C07EC-DF17-4E5B-BEA1-8946BCA65634}.Ad-Hoc|x86.Build.0 = Release|iPhoneSimulator
		{0E0C07EC-DF17-4E5B-BEA1-8946BCA65634}.AppStore|Any CPU.ActiveCfg = Release|iPhoneSimulator
		{0E0C07EC-DF17-4E5B-BEA1-8946BCA65634}.AppStore|Any CPU.Build.0 = Release|iPhoneSimulator
		{0E0C07EC-DF17-4E5B-BEA1-8946BCA65634}.AppStore|iPhone.ActiveCfg = Release|iPhone
		{0E0C07EC-DF17-4E5B-BEA1-8946BCA65634}.AppStore|iPhone.Build.0 = Release|iPhone
		{0E0C07EC-DF17-4E5B-BEA1-8946BCA65634}.AppStore|iPhoneSimulator.ActiveCfg = Release|iPhoneSimulator
		{0E0C07EC-DF17-4E5B-BEA1-8946BCA65634}.AppStore|iPhoneSimulator.Build.0 = Release|iPhoneSimulator
		{0E0C07EC-DF17-4E5B-BEA1-8946BCA65634}.AppStore|x64.ActiveCfg = Release|iPhoneSimulator
		{0E0C07EC-DF17-4E5B-BEA1-8946BCA65634}.AppStore|x64.Build.0 = Release|iPhoneSimulator
		{0E0C07EC-DF17-4E5B-BEA1-8946BCA65634}.AppStore|x86.ActiveCfg = Release|iPhoneSimulator
		{0E0C07EC-DF17-4E5B-BEA1-8946BCA65634}.AppStore|x86.Build.0 = Release|iPhoneSimulator
		{0E0C07EC-DF17-4E5B-BEA1-8946BCA65634}.Debug|Any CPU.ActiveCfg = Debug|iPhoneSimulator
		{0E0C07EC-DF17-4E5B-BEA1-8946BCA65634}.Debug|Any CPU.Build.0 = Debug|iPhoneSimulator
		{0E0C07EC-DF17-4E5B-BEA1-8946BCA65634}.Debug|iPhone.ActiveCfg = Debug|iPhone
		{0E0C07EC-DF17-4E5B-BEA1-8946BCA65634}.Debug|iPhone.Build.0 = Debug|iPhone
		{0E0C07EC-DF17-4E5B-BEA1-8946BCA65634}.Debug|iPhone.Deploy.0 = Debug|iPhone
		{0E0C07EC-DF17-4E5B-BEA1-8946BCA65634}.Debug|iPhoneSimulator.ActiveCfg = Debug|iPhoneSimulator
		{0E0C07EC-DF17-4E5B-BEA1-8946BCA65634}.Debug|iPhoneSimulator.Build.0 = Debug|iPhoneSimulator
		{0E0C07EC-DF17-4E5B-BEA1-8946BCA65634}.Debug|x64.ActiveCfg = Debug|iPhoneSimulator
		{0E0C07EC-DF17-4E5B-BEA1-8946BCA65634}.Debug|x64.Build.0 = Debug|iPhoneSimulator
		{0E0C07EC-DF17-4E5B-BEA1-8946BCA65634}.Debug|x86.ActiveCfg = Debug|iPhoneSimulator
		{0E0C07EC-DF17-4E5B-BEA1-8946BCA65634}.Debug|x86.Build.0 = Debug|iPhoneSimulator
		{0E0C07EC-DF17-4E5B-BEA1-8946BCA65634}.Release|Any CPU.ActiveCfg = Release|iPhone
		{0E0C07EC-DF17-4E5B-BEA1-8946BCA65634}.Release|Any CPU.Build.0 = Release|iPhone
		{0E0C07EC-DF17-4E5B-BEA1-8946BCA65634}.Release|iPhone.ActiveCfg = Release|iPhone
		{0E0C07EC-DF17-4E5B-BEA1-8946BCA65634}.Release|iPhone.Build.0 = Release|iPhone
		{0E0C07EC-DF17-4E5B-BEA1-8946BCA65634}.Release|iPhoneSimulator.ActiveCfg = Release|iPhoneSimulator
		{0E0C07EC-DF17-4E5B-BEA1-8946BCA65634}.Release|iPhoneSimulator.Build.0 = Release|iPhoneSimulator
		{0E0C07EC-DF17-4E5B-BEA1-8946BCA65634}.Release|x64.ActiveCfg = Release|iPhone
		{0E0C07EC-DF17-4E5B-BEA1-8946BCA65634}.Release|x64.Build.0 = Release|iPhone
		{0E0C07EC-DF17-4E5B-BEA1-8946BCA65634}.Release|x86.ActiveCfg = Release|iPhone
		{0E0C07EC-DF17-4E5B-BEA1-8946BCA65634}.Release|x86.Build.0 = Release|iPhone
		{63EB1A5A-C778-41B8-9D48-3DF2D4CB47A8}.Ad-Hoc|Any CPU.ActiveCfg = Release|iPhoneSimulator
		{63EB1A5A-C778-41B8-9D48-3DF2D4CB47A8}.Ad-Hoc|Any CPU.Build.0 = Release|iPhoneSimulator
		{63EB1A5A-C778-41B8-9D48-3DF2D4CB47A8}.Ad-Hoc|iPhone.ActiveCfg = Release|iPhone
		{63EB1A5A-C778-41B8-9D48-3DF2D4CB47A8}.Ad-Hoc|iPhone.Build.0 = Release|iPhone
		{63EB1A5A-C778-41B8-9D48-3DF2D4CB47A8}.Ad-Hoc|iPhoneSimulator.ActiveCfg = Release|iPhoneSimulator
		{63EB1A5A-C778-41B8-9D48-3DF2D4CB47A8}.Ad-Hoc|iPhoneSimulator.Build.0 = Release|iPhoneSimulator
		{63EB1A5A-C778-41B8-9D48-3DF2D4CB47A8}.Ad-Hoc|x64.ActiveCfg = Release|iPhoneSimulator
		{63EB1A5A-C778-41B8-9D48-3DF2D4CB47A8}.Ad-Hoc|x64.Build.0 = Release|iPhoneSimulator
		{63EB1A5A-C778-41B8-9D48-3DF2D4CB47A8}.Ad-Hoc|x86.ActiveCfg = Release|iPhoneSimulator
		{63EB1A5A-C778-41B8-9D48-3DF2D4CB47A8}.Ad-Hoc|x86.Build.0 = Release|iPhoneSimulator
		{63EB1A5A-C778-41B8-9D48-3DF2D4CB47A8}.AppStore|Any CPU.ActiveCfg = Release|iPhoneSimulator
		{63EB1A5A-C778-41B8-9D48-3DF2D4CB47A8}.AppStore|Any CPU.Build.0 = Release|iPhoneSimulator
		{63EB1A5A-C778-41B8-9D48-3DF2D4CB47A8}.AppStore|iPhone.ActiveCfg = Release|iPhone
		{63EB1A5A-C778-41B8-9D48-3DF2D4CB47A8}.AppStore|iPhone.Build.0 = Release|iPhone
		{63EB1A5A-C778-41B8-9D48-3DF2D4CB47A8}.AppStore|iPhoneSimulator.ActiveCfg = Release|iPhoneSimulator
		{63EB1A5A-C778-41B8-9D48-3DF2D4CB47A8}.AppStore|iPhoneSimulator.Build.0 = Release|iPhoneSimulator
		{63EB1A5A-C778-41B8-9D48-3DF2D4CB47A8}.AppStore|x64.ActiveCfg = Release|iPhoneSimulator
		{63EB1A5A-C778-41B8-9D48-3DF2D4CB47A8}.AppStore|x64.Build.0 = Release|iPhoneSimulator
		{63EB1A5A-C778-41B8-9D48-3DF2D4CB47A8}.AppStore|x86.ActiveCfg = Release|iPhoneSimulator
		{63EB1A5A-C778-41B8-9D48-3DF2D4CB47A8}.AppStore|x86.Build.0 = Release|iPhoneSimulator
		{63EB1A5A-C778-41B8-9D48-3DF2D4CB47A8}.Debug|Any CPU.ActiveCfg = Debug|iPhoneSimulator
		{63EB1A5A-C778-41B8-9D48-3DF2D4CB47A8}.Debug|Any CPU.Build.0 = Debug|iPhoneSimulator
		{63EB1A5A-C778-41B8-9D48-3DF2D4CB47A8}.Debug|iPhone.ActiveCfg = Debug|iPhone
		{63EB1A5A-C778-41B8-9D48-3DF2D4CB47A8}.Debug|iPhone.Build.0 = Debug|iPhone
		{63EB1A5A-C778-41B8-9D48-3DF2D4CB47A8}.Debug|iPhone.Deploy.0 = Debug|iPhone
		{63EB1A5A-C778-41B8-9D48-3DF2D4CB47A8}.Debug|iPhoneSimulator.ActiveCfg = Debug|iPhoneSimulator
		{63EB1A5A-C778-41B8-9D48-3DF2D4CB47A8}.Debug|iPhoneSimulator.Build.0 = Debug|iPhoneSimulator
		{63EB1A5A-C778-41B8-9D48-3DF2D4CB47A8}.Debug|x64.ActiveCfg = Debug|iPhoneSimulator
		{63EB1A5A-C778-41B8-9D48-3DF2D4CB47A8}.Debug|x64.Build.0 = Debug|iPhoneSimulator
		{63EB1A5A-C778-41B8-9D48-3DF2D4CB47A8}.Debug|x86.ActiveCfg = Debug|iPhoneSimulator
		{63EB1A5A-C778-41B8-9D48-3DF2D4CB47A8}.Debug|x86.Build.0 = Debug|iPhoneSimulator
		{63EB1A5A-C778-41B8-9D48-3DF2D4CB47A8}.Release|Any CPU.ActiveCfg = Release|iPhone
		{63EB1A5A-C778-41B8-9D48-3DF2D4CB47A8}.Release|Any CPU.Build.0 = Release|iPhone
		{63EB1A5A-C778-41B8-9D48-3DF2D4CB47A8}.Release|iPhone.ActiveCfg = Release|iPhone
		{63EB1A5A-C778-41B8-9D48-3DF2D4CB47A8}.Release|iPhone.Build.0 = Release|iPhone
		{63EB1A5A-C778-41B8-9D48-3DF2D4CB47A8}.Release|iPhoneSimulator.ActiveCfg = Release|iPhoneSimulator
		{63EB1A5A-C778-41B8-9D48-3DF2D4CB47A8}.Release|iPhoneSimulator.Build.0 = Release|iPhoneSimulator
		{63EB1A5A-C778-41B8-9D48-3DF2D4CB47A8}.Release|x64.ActiveCfg = Release|iPhone
		{63EB1A5A-C778-41B8-9D48-3DF2D4CB47A8}.Release|x64.Build.0 = Release|iPhone
		{63EB1A5A-C778-41B8-9D48-3DF2D4CB47A8}.Release|x86.ActiveCfg = Release|iPhone
		{63EB1A5A-C778-41B8-9D48-3DF2D4CB47A8}.Release|x86.Build.0 = Release|iPhone
		{73B8E300-75D2-4726-967D-1887107A93D7}.Ad-Hoc|Any CPU.ActiveCfg = Release|iPhoneSimulator
		{73B8E300-75D2-4726-967D-1887107A93D7}.Ad-Hoc|Any CPU.Build.0 = Release|iPhoneSimulator
		{73B8E300-75D2-4726-967D-1887107A93D7}.Ad-Hoc|iPhone.ActiveCfg = Release|iPhone
		{73B8E300-75D2-4726-967D-1887107A93D7}.Ad-Hoc|iPhone.Build.0 = Release|iPhone
		{73B8E300-75D2-4726-967D-1887107A93D7}.Ad-Hoc|iPhoneSimulator.ActiveCfg = Release|iPhoneSimulator
		{73B8E300-75D2-4726-967D-1887107A93D7}.Ad-Hoc|iPhoneSimulator.Build.0 = Release|iPhoneSimulator
		{73B8E300-75D2-4726-967D-1887107A93D7}.Ad-Hoc|x64.ActiveCfg = Release|iPhoneSimulator
		{73B8E300-75D2-4726-967D-1887107A93D7}.Ad-Hoc|x64.Build.0 = Release|iPhoneSimulator
		{73B8E300-75D2-4726-967D-1887107A93D7}.Ad-Hoc|x86.ActiveCfg = Release|iPhoneSimulator
		{73B8E300-75D2-4726-967D-1887107A93D7}.Ad-Hoc|x86.Build.0 = Release|iPhoneSimulator
		{73B8E300-75D2-4726-967D-1887107A93D7}.AppStore|Any CPU.ActiveCfg = Release|iPhoneSimulator
		{73B8E300-75D2-4726-967D-1887107A93D7}.AppStore|Any CPU.Build.0 = Release|iPhoneSimulator
		{73B8E300-75D2-4726-967D-1887107A93D7}.AppStore|iPhone.ActiveCfg = Release|iPhone
		{73B8E300-75D2-4726-967D-1887107A93D7}.AppStore|iPhone.Build.0 = Release|iPhone
		{73B8E300-75D2-4726-967D-1887107A93D7}.AppStore|iPhoneSimulator.ActiveCfg = Release|iPhoneSimulator
		{73B8E300-75D2-4726-967D-1887107A93D7}.AppStore|iPhoneSimulator.Build.0 = Release|iPhoneSimulator
		{73B8E300-75D2-4726-967D-1887107A93D7}.AppStore|x64.ActiveCfg = Release|iPhoneSimulator
		{73B8E300-75D2-4726-967D-1887107A93D7}.AppStore|x64.Build.0 = Release|iPhoneSimulator
		{73B8E300-75D2-4726-967D-1887107A93D7}.AppStore|x86.ActiveCfg = Release|iPhoneSimulator
		{73B8E300-75D2-4726-967D-1887107A93D7}.AppStore|x86.Build.0 = Release|iPhoneSimulator
		{73B8E300-75D2-4726-967D-1887107A93D7}.Debug|Any CPU.ActiveCfg = Debug|iPhoneSimulator
		{73B8E300-75D2-4726-967D-1887107A93D7}.Debug|Any CPU.Build.0 = Debug|iPhoneSimulator
		{73B8E300-75D2-4726-967D-1887107A93D7}.Debug|iPhone.ActiveCfg = Debug|iPhone
		{73B8E300-75D2-4726-967D-1887107A93D7}.Debug|iPhone.Build.0 = Debug|iPhone
		{73B8E300-75D2-4726-967D-1887107A93D7}.Debug|iPhone.Deploy.0 = Debug|iPhone
		{73B8E300-75D2-4726-967D-1887107A93D7}.Debug|iPhoneSimulator.ActiveCfg = Debug|iPhoneSimulator
		{73B8E300-75D2-4726-967D-1887107A93D7}.Debug|iPhoneSimulator.Build.0 = Debug|iPhoneSimulator
		{73B8E300-75D2-4726-967D-1887107A93D7}.Debug|x64.ActiveCfg = Debug|iPhoneSimulator
		{73B8E300-75D2-4726-967D-1887107A93D7}.Debug|x64.Build.0 = Debug|iPhoneSimulator
		{73B8E300-75D2-4726-967D-1887107A93D7}.Debug|x86.ActiveCfg = Debug|iPhoneSimulator
		{73B8E300-75D2-4726-967D-1887107A93D7}.Debug|x86.Build.0 = Debug|iPhoneSimulator
		{73B8E300-75D2-4726-967D-1887107A93D7}.Release|Any CPU.ActiveCfg = Release|iPhone
		{73B8E300-75D2-4726-967D-1887107A93D7}.Release|Any CPU.Build.0 = Release|iPhone
		{73B8E300-75D2-4726-967D-1887107A93D7}.Release|iPhone.ActiveCfg = Release|iPhone
		{73B8E300-75D2-4726-967D-1887107A93D7}.Release|iPhone.Build.0 = Release|iPhone
		{73B8E300-75D2-4726-967D-1887107A93D7}.Release|iPhoneSimulator.ActiveCfg = Release|iPhoneSimulator
		{73B8E300-75D2-4726-967D-1887107A93D7}.Release|iPhoneSimulator.Build.0 = Release|iPhoneSimulator
		{73B8E300-75D2-4726-967D-1887107A93D7}.Release|x64.ActiveCfg = Release|iPhone
		{73B8E300-75D2-4726-967D-1887107A93D7}.Release|x64.Build.0 = Release|iPhone
		{73B8E300-75D2-4726-967D-1887107A93D7}.Release|x86.ActiveCfg = Release|iPhone
		{73B8E300-75D2-4726-967D-1887107A93D7}.Release|x86.Build.0 = Release|iPhone
		{7E996117-BEAC-49B3-ACCE-628527629455}.Ad-Hoc|Any CPU.ActiveCfg = Release|iPhoneSimulator
		{7E996117-BEAC-49B3-ACCE-628527629455}.Ad-Hoc|Any CPU.Build.0 = Release|iPhoneSimulator
		{7E996117-BEAC-49B3-ACCE-628527629455}.Ad-Hoc|iPhone.ActiveCfg = Release|iPhone
		{7E996117-BEAC-49B3-ACCE-628527629455}.Ad-Hoc|iPhone.Build.0 = Release|iPhone
		{7E996117-BEAC-49B3-ACCE-628527629455}.Ad-Hoc|iPhoneSimulator.ActiveCfg = Release|iPhoneSimulator
		{7E996117-BEAC-49B3-ACCE-628527629455}.Ad-Hoc|iPhoneSimulator.Build.0 = Release|iPhoneSimulator
		{7E996117-BEAC-49B3-ACCE-628527629455}.Ad-Hoc|x64.ActiveCfg = Release|iPhoneSimulator
		{7E996117-BEAC-49B3-ACCE-628527629455}.Ad-Hoc|x64.Build.0 = Release|iPhoneSimulator
		{7E996117-BEAC-49B3-ACCE-628527629455}.Ad-Hoc|x86.ActiveCfg = Release|iPhoneSimulator
		{7E996117-BEAC-49B3-ACCE-628527629455}.Ad-Hoc|x86.Build.0 = Release|iPhoneSimulator
		{7E996117-BEAC-49B3-ACCE-628527629455}.AppStore|Any CPU.ActiveCfg = Release|iPhoneSimulator
		{7E996117-BEAC-49B3-ACCE-628527629455}.AppStore|Any CPU.Build.0 = Release|iPhoneSimulator
		{7E996117-BEAC-49B3-ACCE-628527629455}.AppStore|iPhone.ActiveCfg = Release|iPhone
		{7E996117-BEAC-49B3-ACCE-628527629455}.AppStore|iPhone.Build.0 = Release|iPhone
		{7E996117-BEAC-49B3-ACCE-628527629455}.AppStore|iPhoneSimulator.ActiveCfg = Release|iPhoneSimulator
		{7E996117-BEAC-49B3-ACCE-628527629455}.AppStore|iPhoneSimulator.Build.0 = Release|iPhoneSimulator
		{7E996117-BEAC-49B3-ACCE-628527629455}.AppStore|x64.ActiveCfg = Release|iPhoneSimulator
		{7E996117-BEAC-49B3-ACCE-628527629455}.AppStore|x64.Build.0 = Release|iPhoneSimulator
		{7E996117-BEAC-49B3-ACCE-628527629455}.AppStore|x86.ActiveCfg = Release|iPhoneSimulator
		{7E996117-BEAC-49B3-ACCE-628527629455}.AppStore|x86.Build.0 = Release|iPhoneSimulator
		{7E996117-BEAC-49B3-ACCE-628527629455}.Debug|Any CPU.ActiveCfg = Debug|iPhoneSimulator
		{7E996117-BEAC-49B3-ACCE-628527629455}.Debug|Any CPU.Build.0 = Debug|iPhoneSimulator
		{7E996117-BEAC-49B3-ACCE-628527629455}.Debug|iPhone.ActiveCfg = Debug|iPhone
		{7E996117-BEAC-49B3-ACCE-628527629455}.Debug|iPhone.Build.0 = Debug|iPhone
		{7E996117-BEAC-49B3-ACCE-628527629455}.Debug|iPhone.Deploy.0 = Debug|iPhone
		{7E996117-BEAC-49B3-ACCE-628527629455}.Debug|iPhoneSimulator.ActiveCfg = Debug|iPhoneSimulator
		{7E996117-BEAC-49B3-ACCE-628527629455}.Debug|iPhoneSimulator.Build.0 = Debug|iPhoneSimulator
		{7E996117-BEAC-49B3-ACCE-628527629455}.Debug|x64.ActiveCfg = Debug|iPhoneSimulator
		{7E996117-BEAC-49B3-ACCE-628527629455}.Debug|x64.Build.0 = Debug|iPhoneSimulator
		{7E996117-BEAC-49B3-ACCE-628527629455}.Debug|x86.ActiveCfg = Debug|iPhoneSimulator
		{7E996117-BEAC-49B3-ACCE-628527629455}.Debug|x86.Build.0 = Debug|iPhoneSimulator
		{7E996117-BEAC-49B3-ACCE-628527629455}.Release|Any CPU.ActiveCfg = Release|iPhone
		{7E996117-BEAC-49B3-ACCE-628527629455}.Release|Any CPU.Build.0 = Release|iPhone
		{7E996117-BEAC-49B3-ACCE-628527629455}.Release|iPhone.ActiveCfg = Release|iPhone
		{7E996117-BEAC-49B3-ACCE-628527629455}.Release|iPhone.Build.0 = Release|iPhone
		{7E996117-BEAC-49B3-ACCE-628527629455}.Release|iPhoneSimulator.ActiveCfg = Release|iPhoneSimulator
		{7E996117-BEAC-49B3-ACCE-628527629455}.Release|iPhoneSimulator.Build.0 = Release|iPhoneSimulator
		{7E996117-BEAC-49B3-ACCE-628527629455}.Release|x64.ActiveCfg = Release|iPhone
		{7E996117-BEAC-49B3-ACCE-628527629455}.Release|x64.Build.0 = Release|iPhone
		{7E996117-BEAC-49B3-ACCE-628527629455}.Release|x86.ActiveCfg = Release|iPhone
		{7E996117-BEAC-49B3-ACCE-628527629455}.Release|x86.Build.0 = Release|iPhone
		{4E47A8B9-702E-47D8-B1C9-D6C46E03C97A}.Ad-Hoc|Any CPU.ActiveCfg = Ad-Hoc|iPhoneSimulator
		{4E47A8B9-702E-47D8-B1C9-D6C46E03C97A}.Ad-Hoc|Any CPU.Build.0 = Ad-Hoc|iPhoneSimulator
		{4E47A8B9-702E-47D8-B1C9-D6C46E03C97A}.Ad-Hoc|iPhone.ActiveCfg = Ad-Hoc|iPhone
		{4E47A8B9-702E-47D8-B1C9-D6C46E03C97A}.Ad-Hoc|iPhone.Build.0 = Ad-Hoc|iPhone
		{4E47A8B9-702E-47D8-B1C9-D6C46E03C97A}.Ad-Hoc|iPhoneSimulator.ActiveCfg = Ad-Hoc|iPhoneSimulator
		{4E47A8B9-702E-47D8-B1C9-D6C46E03C97A}.Ad-Hoc|iPhoneSimulator.Build.0 = Ad-Hoc|iPhoneSimulator
		{4E47A8B9-702E-47D8-B1C9-D6C46E03C97A}.Ad-Hoc|x64.ActiveCfg = Ad-Hoc|iPhoneSimulator
		{4E47A8B9-702E-47D8-B1C9-D6C46E03C97A}.Ad-Hoc|x64.Build.0 = Ad-Hoc|iPhoneSimulator
		{4E47A8B9-702E-47D8-B1C9-D6C46E03C97A}.Ad-Hoc|x86.ActiveCfg = Ad-Hoc|iPhoneSimulator
		{4E47A8B9-702E-47D8-B1C9-D6C46E03C97A}.Ad-Hoc|x86.Build.0 = Ad-Hoc|iPhoneSimulator
		{4E47A8B9-702E-47D8-B1C9-D6C46E03C97A}.AppStore|Any CPU.ActiveCfg = AppStore|iPhoneSimulator
		{4E47A8B9-702E-47D8-B1C9-D6C46E03C97A}.AppStore|Any CPU.Build.0 = AppStore|iPhoneSimulator
		{4E47A8B9-702E-47D8-B1C9-D6C46E03C97A}.AppStore|iPhone.ActiveCfg = AppStore|iPhone
		{4E47A8B9-702E-47D8-B1C9-D6C46E03C97A}.AppStore|iPhone.Build.0 = AppStore|iPhone
		{4E47A8B9-702E-47D8-B1C9-D6C46E03C97A}.AppStore|iPhoneSimulator.ActiveCfg = AppStore|iPhoneSimulator
		{4E47A8B9-702E-47D8-B1C9-D6C46E03C97A}.AppStore|iPhoneSimulator.Build.0 = AppStore|iPhoneSimulator
		{4E47A8B9-702E-47D8-B1C9-D6C46E03C97A}.AppStore|x64.ActiveCfg = AppStore|iPhoneSimulator
		{4E47A8B9-702E-47D8-B1C9-D6C46E03C97A}.AppStore|x64.Build.0 = AppStore|iPhoneSimulator
		{4E47A8B9-702E-47D8-B1C9-D6C46E03C97A}.AppStore|x86.ActiveCfg = AppStore|iPhoneSimulator
		{4E47A8B9-702E-47D8-B1C9-D6C46E03C97A}.AppStore|x86.Build.0 = AppStore|iPhoneSimulator
		{4E47A8B9-702E-47D8-B1C9-D6C46E03C97A}.Debug|Any CPU.ActiveCfg = Debug|iPhoneSimulator
		{4E47A8B9-702E-47D8-B1C9-D6C46E03C97A}.Debug|Any CPU.Build.0 = Debug|iPhoneSimulator
		{4E47A8B9-702E-47D8-B1C9-D6C46E03C97A}.Debug|iPhone.ActiveCfg = Debug|iPhone
		{4E47A8B9-702E-47D8-B1C9-D6C46E03C97A}.Debug|iPhone.Build.0 = Debug|iPhone
		{4E47A8B9-702E-47D8-B1C9-D6C46E03C97A}.Debug|iPhone.Deploy.0 = Debug|iPhone
		{4E47A8B9-702E-47D8-B1C9-D6C46E03C97A}.Debug|iPhoneSimulator.ActiveCfg = Debug|iPhoneSimulator
		{4E47A8B9-702E-47D8-B1C9-D6C46E03C97A}.Debug|iPhoneSimulator.Build.0 = Debug|iPhoneSimulator
		{4E47A8B9-702E-47D8-B1C9-D6C46E03C97A}.Debug|x64.ActiveCfg = Debug|iPhoneSimulator
		{4E47A8B9-702E-47D8-B1C9-D6C46E03C97A}.Debug|x64.Build.0 = Debug|iPhoneSimulator
		{4E47A8B9-702E-47D8-B1C9-D6C46E03C97A}.Debug|x86.ActiveCfg = Debug|iPhoneSimulator
		{4E47A8B9-702E-47D8-B1C9-D6C46E03C97A}.Debug|x86.Build.0 = Debug|iPhoneSimulator
		{4E47A8B9-702E-47D8-B1C9-D6C46E03C97A}.Release|Any CPU.ActiveCfg = Release|iPhone
		{4E47A8B9-702E-47D8-B1C9-D6C46E03C97A}.Release|Any CPU.Build.0 = Release|iPhone
		{4E47A8B9-702E-47D8-B1C9-D6C46E03C97A}.Release|iPhone.ActiveCfg = Release|iPhone
		{4E47A8B9-702E-47D8-B1C9-D6C46E03C97A}.Release|iPhone.Build.0 = Release|iPhone
		{4E47A8B9-702E-47D8-B1C9-D6C46E03C97A}.Release|iPhoneSimulator.ActiveCfg = Release|iPhoneSimulator
		{4E47A8B9-702E-47D8-B1C9-D6C46E03C97A}.Release|iPhoneSimulator.Build.0 = Release|iPhoneSimulator
		{4E47A8B9-702E-47D8-B1C9-D6C46E03C97A}.Release|x64.ActiveCfg = Release|iPhone
		{4E47A8B9-702E-47D8-B1C9-D6C46E03C97A}.Release|x64.Build.0 = Release|iPhone
		{4E47A8B9-702E-47D8-B1C9-D6C46E03C97A}.Release|x86.ActiveCfg = Release|iPhone
		{4E47A8B9-702E-47D8-B1C9-D6C46E03C97A}.Release|x86.Build.0 = Release|iPhone
		{49C747A7-E3C0-470A-9610-614087056956}.Ad-Hoc|Any CPU.ActiveCfg = Ad-Hoc|iPhoneSimulator
		{49C747A7-E3C0-470A-9610-614087056956}.Ad-Hoc|Any CPU.Build.0 = Ad-Hoc|iPhoneSimulator
		{49C747A7-E3C0-470A-9610-614087056956}.Ad-Hoc|iPhone.ActiveCfg = Ad-Hoc|iPhone
		{49C747A7-E3C0-470A-9610-614087056956}.Ad-Hoc|iPhone.Build.0 = Ad-Hoc|iPhone
		{49C747A7-E3C0-470A-9610-614087056956}.Ad-Hoc|iPhoneSimulator.ActiveCfg = Ad-Hoc|iPhoneSimulator
		{49C747A7-E3C0-470A-9610-614087056956}.Ad-Hoc|iPhoneSimulator.Build.0 = Ad-Hoc|iPhoneSimulator
		{49C747A7-E3C0-470A-9610-614087056956}.Ad-Hoc|x64.ActiveCfg = Ad-Hoc|iPhoneSimulator
		{49C747A7-E3C0-470A-9610-614087056956}.Ad-Hoc|x64.Build.0 = Ad-Hoc|iPhoneSimulator
		{49C747A7-E3C0-470A-9610-614087056956}.Ad-Hoc|x86.ActiveCfg = Ad-Hoc|iPhoneSimulator
		{49C747A7-E3C0-470A-9610-614087056956}.Ad-Hoc|x86.Build.0 = Ad-Hoc|iPhoneSimulator
		{49C747A7-E3C0-470A-9610-614087056956}.AppStore|Any CPU.ActiveCfg = AppStore|iPhoneSimulator
		{49C747A7-E3C0-470A-9610-614087056956}.AppStore|Any CPU.Build.0 = AppStore|iPhoneSimulator
		{49C747A7-E3C0-470A-9610-614087056956}.AppStore|iPhone.ActiveCfg = AppStore|iPhone
		{49C747A7-E3C0-470A-9610-614087056956}.AppStore|iPhone.Build.0 = AppStore|iPhone
		{49C747A7-E3C0-470A-9610-614087056956}.AppStore|iPhoneSimulator.ActiveCfg = AppStore|iPhoneSimulator
		{49C747A7-E3C0-470A-9610-614087056956}.AppStore|iPhoneSimulator.Build.0 = AppStore|iPhoneSimulator
		{49C747A7-E3C0-470A-9610-614087056956}.AppStore|x64.ActiveCfg = AppStore|iPhoneSimulator
		{49C747A7-E3C0-470A-9610-614087056956}.AppStore|x64.Build.0 = AppStore|iPhoneSimulator
		{49C747A7-E3C0-470A-9610-614087056956}.AppStore|x86.ActiveCfg = AppStore|iPhoneSimulator
		{49C747A7-E3C0-470A-9610-614087056956}.AppStore|x86.Build.0 = AppStore|iPhoneSimulator
		{49C747A7-E3C0-470A-9610-614087056956}.Debug|Any CPU.ActiveCfg = Debug|iPhoneSimulator
		{49C747A7-E3C0-470A-9610-614087056956}.Debug|Any CPU.Build.0 = Debug|iPhoneSimulator
		{49C747A7-E3C0-470A-9610-614087056956}.Debug|iPhone.ActiveCfg = Debug|iPhone
		{49C747A7-E3C0-470A-9610-614087056956}.Debug|iPhone.Build.0 = Debug|iPhone
		{49C747A7-E3C0-470A-9610-614087056956}.Debug|iPhone.Deploy.0 = Debug|iPhone
		{49C747A7-E3C0-470A-9610-614087056956}.Debug|iPhoneSimulator.ActiveCfg = Debug|iPhoneSimulator
		{49C747A7-E3C0-470A-9610-614087056956}.Debug|iPhoneSimulator.Build.0 = Debug|iPhoneSimulator
		{49C747A7-E3C0-470A-9610-614087056956}.Debug|x64.ActiveCfg = Debug|iPhoneSimulator
		{49C747A7-E3C0-470A-9610-614087056956}.Debug|x64.Build.0 = Debug|iPhoneSimulator
		{49C747A7-E3C0-470A-9610-614087056956}.Debug|x86.ActiveCfg = Debug|iPhoneSimulator
		{49C747A7-E3C0-470A-9610-614087056956}.Debug|x86.Build.0 = Debug|iPhoneSimulator
		{49C747A7-E3C0-470A-9610-614087056956}.Release|Any CPU.ActiveCfg = Release|iPhone
		{49C747A7-E3C0-470A-9610-614087056956}.Release|Any CPU.Build.0 = Release|iPhone
		{49C747A7-E3C0-470A-9610-614087056956}.Release|iPhone.ActiveCfg = Release|iPhone
		{49C747A7-E3C0-470A-9610-614087056956}.Release|iPhone.Build.0 = Release|iPhone
		{49C747A7-E3C0-470A-9610-614087056956}.Release|iPhoneSimulator.ActiveCfg = Release|iPhoneSimulator
		{49C747A7-E3C0-470A-9610-614087056956}.Release|iPhoneSimulator.Build.0 = Release|iPhoneSimulator
		{49C747A7-E3C0-470A-9610-614087056956}.Release|x64.ActiveCfg = Release|iPhone
		{49C747A7-E3C0-470A-9610-614087056956}.Release|x64.Build.0 = Release|iPhone
		{49C747A7-E3C0-470A-9610-614087056956}.Release|x86.ActiveCfg = Release|iPhone
		{49C747A7-E3C0-470A-9610-614087056956}.Release|x86.Build.0 = Release|iPhone
		{5C4FDFBF-5BB8-43EF-A411-A71DC928E5AF}.Ad-Hoc|Any CPU.ActiveCfg = Ad-Hoc|iPhoneSimulator
		{5C4FDFBF-5BB8-43EF-A411-A71DC928E5AF}.Ad-Hoc|Any CPU.Build.0 = Ad-Hoc|iPhoneSimulator
		{5C4FDFBF-5BB8-43EF-A411-A71DC928E5AF}.Ad-Hoc|iPhone.ActiveCfg = Ad-Hoc|iPhone
		{5C4FDFBF-5BB8-43EF-A411-A71DC928E5AF}.Ad-Hoc|iPhone.Build.0 = Ad-Hoc|iPhone
		{5C4FDFBF-5BB8-43EF-A411-A71DC928E5AF}.Ad-Hoc|iPhoneSimulator.ActiveCfg = Ad-Hoc|iPhoneSimulator
		{5C4FDFBF-5BB8-43EF-A411-A71DC928E5AF}.Ad-Hoc|iPhoneSimulator.Build.0 = Ad-Hoc|iPhoneSimulator
		{5C4FDFBF-5BB8-43EF-A411-A71DC928E5AF}.Ad-Hoc|x64.ActiveCfg = Ad-Hoc|iPhoneSimulator
		{5C4FDFBF-5BB8-43EF-A411-A71DC928E5AF}.Ad-Hoc|x64.Build.0 = Ad-Hoc|iPhoneSimulator
		{5C4FDFBF-5BB8-43EF-A411-A71DC928E5AF}.Ad-Hoc|x86.ActiveCfg = Ad-Hoc|iPhoneSimulator
		{5C4FDFBF-5BB8-43EF-A411-A71DC928E5AF}.Ad-Hoc|x86.Build.0 = Ad-Hoc|iPhoneSimulator
		{5C4FDFBF-5BB8-43EF-A411-A71DC928E5AF}.AppStore|Any CPU.ActiveCfg = AppStore|iPhoneSimulator
		{5C4FDFBF-5BB8-43EF-A411-A71DC928E5AF}.AppStore|Any CPU.Build.0 = AppStore|iPhoneSimulator
		{5C4FDFBF-5BB8-43EF-A411-A71DC928E5AF}.AppStore|iPhone.ActiveCfg = AppStore|iPhone
		{5C4FDFBF-5BB8-43EF-A411-A71DC928E5AF}.AppStore|iPhone.Build.0 = AppStore|iPhone
		{5C4FDFBF-5BB8-43EF-A411-A71DC928E5AF}.AppStore|iPhoneSimulator.ActiveCfg = AppStore|iPhoneSimulator
		{5C4FDFBF-5BB8-43EF-A411-A71DC928E5AF}.AppStore|iPhoneSimulator.Build.0 = AppStore|iPhoneSimulator
		{5C4FDFBF-5BB8-43EF-A411-A71DC928E5AF}.AppStore|x64.ActiveCfg = AppStore|iPhoneSimulator
		{5C4FDFBF-5BB8-43EF-A411-A71DC928E5AF}.AppStore|x64.Build.0 = AppStore|iPhoneSimulator
		{5C4FDFBF-5BB8-43EF-A411-A71DC928E5AF}.AppStore|x86.ActiveCfg = AppStore|iPhoneSimulator
		{5C4FDFBF-5BB8-43EF-A411-A71DC928E5AF}.AppStore|x86.Build.0 = AppStore|iPhoneSimulator
		{5C4FDFBF-5BB8-43EF-A411-A71DC928E5AF}.Debug|Any CPU.ActiveCfg = Debug|iPhoneSimulator
		{5C4FDFBF-5BB8-43EF-A411-A71DC928E5AF}.Debug|Any CPU.Build.0 = Debug|iPhoneSimulator
		{5C4FDFBF-5BB8-43EF-A411-A71DC928E5AF}.Debug|iPhone.ActiveCfg = Debug|iPhone
		{5C4FDFBF-5BB8-43EF-A411-A71DC928E5AF}.Debug|iPhone.Build.0 = Debug|iPhone
		{5C4FDFBF-5BB8-43EF-A411-A71DC928E5AF}.Debug|iPhone.Deploy.0 = Debug|iPhone
		{5C4FDFBF-5BB8-43EF-A411-A71DC928E5AF}.Debug|iPhoneSimulator.ActiveCfg = Debug|iPhoneSimulator
		{5C4FDFBF-5BB8-43EF-A411-A71DC928E5AF}.Debug|iPhoneSimulator.Build.0 = Debug|iPhoneSimulator
		{5C4FDFBF-5BB8-43EF-A411-A71DC928E5AF}.Debug|x64.ActiveCfg = Debug|iPhoneSimulator
		{5C4FDFBF-5BB8-43EF-A411-A71DC928E5AF}.Debug|x64.Build.0 = Debug|iPhoneSimulator
		{5C4FDFBF-5BB8-43EF-A411-A71DC928E5AF}.Debug|x86.ActiveCfg = Debug|iPhoneSimulator
		{5C4FDFBF-5BB8-43EF-A411-A71DC928E5AF}.Debug|x86.Build.0 = Debug|iPhoneSimulator
		{5C4FDFBF-5BB8-43EF-A411-A71DC928E5AF}.Release|Any CPU.ActiveCfg = Release|iPhone
		{5C4FDFBF-5BB8-43EF-A411-A71DC928E5AF}.Release|Any CPU.Build.0 = Release|iPhone
		{5C4FDFBF-5BB8-43EF-A411-A71DC928E5AF}.Release|iPhone.ActiveCfg = Release|iPhone
		{5C4FDFBF-5BB8-43EF-A411-A71DC928E5AF}.Release|iPhone.Build.0 = Release|iPhone
		{5C4FDFBF-5BB8-43EF-A411-A71DC928E5AF}.Release|iPhoneSimulator.ActiveCfg = Release|iPhoneSimulator
		{5C4FDFBF-5BB8-43EF-A411-A71DC928E5AF}.Release|iPhoneSimulator.Build.0 = Release|iPhoneSimulator
		{5C4FDFBF-5BB8-43EF-A411-A71DC928E5AF}.Release|x64.ActiveCfg = Release|iPhone
		{5C4FDFBF-5BB8-43EF-A411-A71DC928E5AF}.Release|x64.Build.0 = Release|iPhone
		{5C4FDFBF-5BB8-43EF-A411-A71DC928E5AF}.Release|x86.ActiveCfg = Release|iPhone
		{5C4FDFBF-5BB8-43EF-A411-A71DC928E5AF}.Release|x86.Build.0 = Release|iPhone
		{3DFE3B18-B72D-4ED4-A21F-A1A0836AF252}.Ad-Hoc|Any CPU.ActiveCfg = Release|iPhoneSimulator
		{3DFE3B18-B72D-4ED4-A21F-A1A0836AF252}.Ad-Hoc|Any CPU.Build.0 = Release|iPhoneSimulator
		{3DFE3B18-B72D-4ED4-A21F-A1A0836AF252}.Ad-Hoc|iPhone.ActiveCfg = Release|iPhone
		{3DFE3B18-B72D-4ED4-A21F-A1A0836AF252}.Ad-Hoc|iPhone.Build.0 = Release|iPhone
		{3DFE3B18-B72D-4ED4-A21F-A1A0836AF252}.Ad-Hoc|iPhoneSimulator.ActiveCfg = Release|iPhoneSimulator
		{3DFE3B18-B72D-4ED4-A21F-A1A0836AF252}.Ad-Hoc|iPhoneSimulator.Build.0 = Release|iPhoneSimulator
		{3DFE3B18-B72D-4ED4-A21F-A1A0836AF252}.Ad-Hoc|x64.ActiveCfg = Release|iPhoneSimulator
		{3DFE3B18-B72D-4ED4-A21F-A1A0836AF252}.Ad-Hoc|x64.Build.0 = Release|iPhoneSimulator
		{3DFE3B18-B72D-4ED4-A21F-A1A0836AF252}.Ad-Hoc|x86.ActiveCfg = Release|iPhoneSimulator
		{3DFE3B18-B72D-4ED4-A21F-A1A0836AF252}.Ad-Hoc|x86.Build.0 = Release|iPhoneSimulator
		{3DFE3B18-B72D-4ED4-A21F-A1A0836AF252}.AppStore|Any CPU.ActiveCfg = Release|iPhoneSimulator
		{3DFE3B18-B72D-4ED4-A21F-A1A0836AF252}.AppStore|Any CPU.Build.0 = Release|iPhoneSimulator
		{3DFE3B18-B72D-4ED4-A21F-A1A0836AF252}.AppStore|iPhone.ActiveCfg = Release|iPhone
		{3DFE3B18-B72D-4ED4-A21F-A1A0836AF252}.AppStore|iPhone.Build.0 = Release|iPhone
		{3DFE3B18-B72D-4ED4-A21F-A1A0836AF252}.AppStore|iPhoneSimulator.ActiveCfg = Release|iPhoneSimulator
		{3DFE3B18-B72D-4ED4-A21F-A1A0836AF252}.AppStore|iPhoneSimulator.Build.0 = Release|iPhoneSimulator
		{3DFE3B18-B72D-4ED4-A21F-A1A0836AF252}.AppStore|x64.ActiveCfg = Release|iPhoneSimulator
		{3DFE3B18-B72D-4ED4-A21F-A1A0836AF252}.AppStore|x64.Build.0 = Release|iPhoneSimulator
		{3DFE3B18-B72D-4ED4-A21F-A1A0836AF252}.AppStore|x86.ActiveCfg = Release|iPhoneSimulator
		{3DFE3B18-B72D-4ED4-A21F-A1A0836AF252}.AppStore|x86.Build.0 = Release|iPhoneSimulator
		{3DFE3B18-B72D-4ED4-A21F-A1A0836AF252}.Debug|Any CPU.ActiveCfg = Debug|iPhoneSimulator
		{3DFE3B18-B72D-4ED4-A21F-A1A0836AF252}.Debug|Any CPU.Build.0 = Debug|iPhoneSimulator
		{3DFE3B18-B72D-4ED4-A21F-A1A0836AF252}.Debug|iPhone.ActiveCfg = Debug|iPhone
		{3DFE3B18-B72D-4ED4-A21F-A1A0836AF252}.Debug|iPhone.Build.0 = Debug|iPhone
		{3DFE3B18-B72D-4ED4-A21F-A1A0836AF252}.Debug|iPhone.Deploy.0 = Debug|iPhone
		{3DFE3B18-B72D-4ED4-A21F-A1A0836AF252}.Debug|iPhoneSimulator.ActiveCfg = Debug|iPhoneSimulator
		{3DFE3B18-B72D-4ED4-A21F-A1A0836AF252}.Debug|iPhoneSimulator.Build.0 = Debug|iPhoneSimulator
		{3DFE3B18-B72D-4ED4-A21F-A1A0836AF252}.Debug|x64.ActiveCfg = Debug|iPhoneSimulator
		{3DFE3B18-B72D-4ED4-A21F-A1A0836AF252}.Debug|x64.Build.0 = Debug|iPhoneSimulator
		{3DFE3B18-B72D-4ED4-A21F-A1A0836AF252}.Debug|x86.ActiveCfg = Debug|iPhoneSimulator
		{3DFE3B18-B72D-4ED4-A21F-A1A0836AF252}.Debug|x86.Build.0 = Debug|iPhoneSimulator
		{3DFE3B18-B72D-4ED4-A21F-A1A0836AF252}.Release|Any CPU.ActiveCfg = Release|iPhone
		{3DFE3B18-B72D-4ED4-A21F-A1A0836AF252}.Release|Any CPU.Build.0 = Release|iPhone
		{3DFE3B18-B72D-4ED4-A21F-A1A0836AF252}.Release|iPhone.ActiveCfg = Release|iPhone
		{3DFE3B18-B72D-4ED4-A21F-A1A0836AF252}.Release|iPhone.Build.0 = Release|iPhone
		{3DFE3B18-B72D-4ED4-A21F-A1A0836AF252}.Release|iPhoneSimulator.ActiveCfg = Release|iPhoneSimulator
		{3DFE3B18-B72D-4ED4-A21F-A1A0836AF252}.Release|iPhoneSimulator.Build.0 = Release|iPhoneSimulator
		{3DFE3B18-B72D-4ED4-A21F-A1A0836AF252}.Release|x64.ActiveCfg = Release|iPhone
		{3DFE3B18-B72D-4ED4-A21F-A1A0836AF252}.Release|x64.Build.0 = Release|iPhone
		{3DFE3B18-B72D-4ED4-A21F-A1A0836AF252}.Release|x86.ActiveCfg = Release|iPhone
		{3DFE3B18-B72D-4ED4-A21F-A1A0836AF252}.Release|x86.Build.0 = Release|iPhone
		{3F54945A-FBA3-4A59-937E-C416CFD462F7}.Ad-Hoc|Any CPU.ActiveCfg = Ad-Hoc|iPhoneSimulator
		{3F54945A-FBA3-4A59-937E-C416CFD462F7}.Ad-Hoc|Any CPU.Build.0 = Ad-Hoc|iPhoneSimulator
		{3F54945A-FBA3-4A59-937E-C416CFD462F7}.Ad-Hoc|iPhone.ActiveCfg = Ad-Hoc|iPhone
		{3F54945A-FBA3-4A59-937E-C416CFD462F7}.Ad-Hoc|iPhone.Build.0 = Ad-Hoc|iPhone
		{3F54945A-FBA3-4A59-937E-C416CFD462F7}.Ad-Hoc|iPhoneSimulator.ActiveCfg = Ad-Hoc|iPhoneSimulator
		{3F54945A-FBA3-4A59-937E-C416CFD462F7}.Ad-Hoc|iPhoneSimulator.Build.0 = Ad-Hoc|iPhoneSimulator
		{3F54945A-FBA3-4A59-937E-C416CFD462F7}.Ad-Hoc|x64.ActiveCfg = Ad-Hoc|iPhoneSimulator
		{3F54945A-FBA3-4A59-937E-C416CFD462F7}.Ad-Hoc|x64.Build.0 = Ad-Hoc|iPhoneSimulator
		{3F54945A-FBA3-4A59-937E-C416CFD462F7}.Ad-Hoc|x86.ActiveCfg = Ad-Hoc|iPhoneSimulator
		{3F54945A-FBA3-4A59-937E-C416CFD462F7}.Ad-Hoc|x86.Build.0 = Ad-Hoc|iPhoneSimulator
		{3F54945A-FBA3-4A59-937E-C416CFD462F7}.AppStore|Any CPU.ActiveCfg = AppStore|iPhoneSimulator
		{3F54945A-FBA3-4A59-937E-C416CFD462F7}.AppStore|Any CPU.Build.0 = AppStore|iPhoneSimulator
		{3F54945A-FBA3-4A59-937E-C416CFD462F7}.AppStore|iPhone.ActiveCfg = AppStore|iPhone
		{3F54945A-FBA3-4A59-937E-C416CFD462F7}.AppStore|iPhone.Build.0 = AppStore|iPhone
		{3F54945A-FBA3-4A59-937E-C416CFD462F7}.AppStore|iPhoneSimulator.ActiveCfg = AppStore|iPhoneSimulator
		{3F54945A-FBA3-4A59-937E-C416CFD462F7}.AppStore|iPhoneSimulator.Build.0 = AppStore|iPhoneSimulator
		{3F54945A-FBA3-4A59-937E-C416CFD462F7}.AppStore|x64.ActiveCfg = AppStore|iPhoneSimulator
		{3F54945A-FBA3-4A59-937E-C416CFD462F7}.AppStore|x64.Build.0 = AppStore|iPhoneSimulator
		{3F54945A-FBA3-4A59-937E-C416CFD462F7}.AppStore|x86.ActiveCfg = AppStore|iPhoneSimulator
		{3F54945A-FBA3-4A59-937E-C416CFD462F7}.AppStore|x86.Build.0 = AppStore|iPhoneSimulator
		{3F54945A-FBA3-4A59-937E-C416CFD462F7}.Debug|Any CPU.ActiveCfg = Debug|iPhoneSimulator
		{3F54945A-FBA3-4A59-937E-C416CFD462F7}.Debug|Any CPU.Build.0 = Debug|iPhoneSimulator
		{3F54945A-FBA3-4A59-937E-C416CFD462F7}.Debug|iPhone.ActiveCfg = Debug|iPhone
		{3F54945A-FBA3-4A59-937E-C416CFD462F7}.Debug|iPhone.Build.0 = Debug|iPhone
		{3F54945A-FBA3-4A59-937E-C416CFD462F7}.Debug|iPhone.Deploy.0 = Debug|iPhone
		{3F54945A-FBA3-4A59-937E-C416CFD462F7}.Debug|iPhoneSimulator.ActiveCfg = Debug|iPhoneSimulator
		{3F54945A-FBA3-4A59-937E-C416CFD462F7}.Debug|iPhoneSimulator.Build.0 = Debug|iPhoneSimulator
		{3F54945A-FBA3-4A59-937E-C416CFD462F7}.Debug|x64.ActiveCfg = Debug|iPhoneSimulator
		{3F54945A-FBA3-4A59-937E-C416CFD462F7}.Debug|x64.Build.0 = Debug|iPhoneSimulator
		{3F54945A-FBA3-4A59-937E-C416CFD462F7}.Debug|x86.ActiveCfg = Debug|iPhoneSimulator
		{3F54945A-FBA3-4A59-937E-C416CFD462F7}.Debug|x86.Build.0 = Debug|iPhoneSimulator
		{3F54945A-FBA3-4A59-937E-C416CFD462F7}.Release|Any CPU.ActiveCfg = Release|iPhone
		{3F54945A-FBA3-4A59-937E-C416CFD462F7}.Release|Any CPU.Build.0 = Release|iPhone
		{3F54945A-FBA3-4A59-937E-C416CFD462F7}.Release|iPhone.ActiveCfg = Release|iPhone
		{3F54945A-FBA3-4A59-937E-C416CFD462F7}.Release|iPhone.Build.0 = Release|iPhone
		{3F54945A-FBA3-4A59-937E-C416CFD462F7}.Release|iPhoneSimulator.ActiveCfg = Release|iPhoneSimulator
		{3F54945A-FBA3-4A59-937E-C416CFD462F7}.Release|iPhoneSimulator.Build.0 = Release|iPhoneSimulator
		{3F54945A-FBA3-4A59-937E-C416CFD462F7}.Release|x64.ActiveCfg = Release|iPhone
		{3F54945A-FBA3-4A59-937E-C416CFD462F7}.Release|x64.Build.0 = Release|iPhone
		{3F54945A-FBA3-4A59-937E-C416CFD462F7}.Release|x86.ActiveCfg = Release|iPhone
		{3F54945A-FBA3-4A59-937E-C416CFD462F7}.Release|x86.Build.0 = Release|iPhone
		{9119A024-24ED-44E1-9791-64D6CD3AEABC}.Ad-Hoc|Any CPU.ActiveCfg = Release|iPhoneSimulator
		{9119A024-24ED-44E1-9791-64D6CD3AEABC}.Ad-Hoc|Any CPU.Build.0 = Release|iPhoneSimulator
		{9119A024-24ED-44E1-9791-64D6CD3AEABC}.Ad-Hoc|iPhone.ActiveCfg = Release|iPhone
		{9119A024-24ED-44E1-9791-64D6CD3AEABC}.Ad-Hoc|iPhone.Build.0 = Release|iPhone
		{9119A024-24ED-44E1-9791-64D6CD3AEABC}.Ad-Hoc|iPhoneSimulator.ActiveCfg = Release|iPhoneSimulator
		{9119A024-24ED-44E1-9791-64D6CD3AEABC}.Ad-Hoc|iPhoneSimulator.Build.0 = Release|iPhoneSimulator
		{9119A024-24ED-44E1-9791-64D6CD3AEABC}.Ad-Hoc|x64.ActiveCfg = Release|iPhoneSimulator
		{9119A024-24ED-44E1-9791-64D6CD3AEABC}.Ad-Hoc|x64.Build.0 = Release|iPhoneSimulator
		{9119A024-24ED-44E1-9791-64D6CD3AEABC}.Ad-Hoc|x86.ActiveCfg = Release|iPhoneSimulator
		{9119A024-24ED-44E1-9791-64D6CD3AEABC}.Ad-Hoc|x86.Build.0 = Release|iPhoneSimulator
		{9119A024-24ED-44E1-9791-64D6CD3AEABC}.AppStore|Any CPU.ActiveCfg = Release|iPhoneSimulator
		{9119A024-24ED-44E1-9791-64D6CD3AEABC}.AppStore|Any CPU.Build.0 = Release|iPhoneSimulator
		{9119A024-24ED-44E1-9791-64D6CD3AEABC}.AppStore|iPhone.ActiveCfg = Release|iPhone
		{9119A024-24ED-44E1-9791-64D6CD3AEABC}.AppStore|iPhone.Build.0 = Release|iPhone
		{9119A024-24ED-44E1-9791-64D6CD3AEABC}.AppStore|iPhoneSimulator.ActiveCfg = Release|iPhoneSimulator
		{9119A024-24ED-44E1-9791-64D6CD3AEABC}.AppStore|iPhoneSimulator.Build.0 = Release|iPhoneSimulator
		{9119A024-24ED-44E1-9791-64D6CD3AEABC}.AppStore|x64.ActiveCfg = Release|iPhoneSimulator
		{9119A024-24ED-44E1-9791-64D6CD3AEABC}.AppStore|x64.Build.0 = Release|iPhoneSimulator
		{9119A024-24ED-44E1-9791-64D6CD3AEABC}.AppStore|x86.ActiveCfg = Release|iPhoneSimulator
		{9119A024-24ED-44E1-9791-64D6CD3AEABC}.AppStore|x86.Build.0 = Release|iPhoneSimulator
		{9119A024-24ED-44E1-9791-64D6CD3AEABC}.Debug|Any CPU.ActiveCfg = Debug|iPhoneSimulator
		{9119A024-24ED-44E1-9791-64D6CD3AEABC}.Debug|Any CPU.Build.0 = Debug|iPhoneSimulator
		{9119A024-24ED-44E1-9791-64D6CD3AEABC}.Debug|iPhone.ActiveCfg = Debug|iPhone
		{9119A024-24ED-44E1-9791-64D6CD3AEABC}.Debug|iPhone.Build.0 = Debug|iPhone
		{9119A024-24ED-44E1-9791-64D6CD3AEABC}.Debug|iPhone.Deploy.0 = Debug|iPhone
		{9119A024-24ED-44E1-9791-64D6CD3AEABC}.Debug|iPhoneSimulator.ActiveCfg = Debug|iPhoneSimulator
		{9119A024-24ED-44E1-9791-64D6CD3AEABC}.Debug|iPhoneSimulator.Build.0 = Debug|iPhoneSimulator
		{9119A024-24ED-44E1-9791-64D6CD3AEABC}.Debug|x64.ActiveCfg = Debug|iPhoneSimulator
		{9119A024-24ED-44E1-9791-64D6CD3AEABC}.Debug|x64.Build.0 = Debug|iPhoneSimulator
		{9119A024-24ED-44E1-9791-64D6CD3AEABC}.Debug|x86.ActiveCfg = Debug|iPhoneSimulator
		{9119A024-24ED-44E1-9791-64D6CD3AEABC}.Debug|x86.Build.0 = Debug|iPhoneSimulator
		{9119A024-24ED-44E1-9791-64D6CD3AEABC}.Release|Any CPU.ActiveCfg = Release|iPhone
		{9119A024-24ED-44E1-9791-64D6CD3AEABC}.Release|Any CPU.Build.0 = Release|iPhone
		{9119A024-24ED-44E1-9791-64D6CD3AEABC}.Release|iPhone.ActiveCfg = Release|iPhone
		{9119A024-24ED-44E1-9791-64D6CD3AEABC}.Release|iPhone.Build.0 = Release|iPhone
		{9119A024-24ED-44E1-9791-64D6CD3AEABC}.Release|iPhoneSimulator.ActiveCfg = Release|iPhoneSimulator
		{9119A024-24ED-44E1-9791-64D6CD3AEABC}.Release|iPhoneSimulator.Build.0 = Release|iPhoneSimulator
		{9119A024-24ED-44E1-9791-64D6CD3AEABC}.Release|x64.ActiveCfg = Release|iPhone
		{9119A024-24ED-44E1-9791-64D6CD3AEABC}.Release|x64.Build.0 = Release|iPhone
		{9119A024-24ED-44E1-9791-64D6CD3AEABC}.Release|x86.ActiveCfg = Release|iPhone
		{9119A024-24ED-44E1-9791-64D6CD3AEABC}.Release|x86.Build.0 = Release|iPhone
		{22505EF4-4BCD-42A9-BA0F-DD7BCACEE150}.Ad-Hoc|Any CPU.ActiveCfg = Release|iPhoneSimulator
		{22505EF4-4BCD-42A9-BA0F-DD7BCACEE150}.Ad-Hoc|Any CPU.Build.0 = Release|iPhoneSimulator
		{22505EF4-4BCD-42A9-BA0F-DD7BCACEE150}.Ad-Hoc|iPhone.ActiveCfg = Release|iPhone
		{22505EF4-4BCD-42A9-BA0F-DD7BCACEE150}.Ad-Hoc|iPhone.Build.0 = Release|iPhone
		{22505EF4-4BCD-42A9-BA0F-DD7BCACEE150}.Ad-Hoc|iPhoneSimulator.ActiveCfg = Release|iPhoneSimulator
		{22505EF4-4BCD-42A9-BA0F-DD7BCACEE150}.Ad-Hoc|iPhoneSimulator.Build.0 = Release|iPhoneSimulator
		{22505EF4-4BCD-42A9-BA0F-DD7BCACEE150}.Ad-Hoc|x64.ActiveCfg = Release|iPhoneSimulator
		{22505EF4-4BCD-42A9-BA0F-DD7BCACEE150}.Ad-Hoc|x64.Build.0 = Release|iPhoneSimulator
		{22505EF4-4BCD-42A9-BA0F-DD7BCACEE150}.Ad-Hoc|x86.ActiveCfg = Release|iPhoneSimulator
		{22505EF4-4BCD-42A9-BA0F-DD7BCACEE150}.Ad-Hoc|x86.Build.0 = Release|iPhoneSimulator
		{22505EF4-4BCD-42A9-BA0F-DD7BCACEE150}.AppStore|Any CPU.ActiveCfg = Release|iPhoneSimulator
		{22505EF4-4BCD-42A9-BA0F-DD7BCACEE150}.AppStore|Any CPU.Build.0 = Release|iPhoneSimulator
		{22505EF4-4BCD-42A9-BA0F-DD7BCACEE150}.AppStore|iPhone.ActiveCfg = Release|iPhone
		{22505EF4-4BCD-42A9-BA0F-DD7BCACEE150}.AppStore|iPhone.Build.0 = Release|iPhone
		{22505EF4-4BCD-42A9-BA0F-DD7BCACEE150}.AppStore|iPhoneSimulator.ActiveCfg = Release|iPhoneSimulator
		{22505EF4-4BCD-42A9-BA0F-DD7BCACEE150}.AppStore|iPhoneSimulator.Build.0 = Release|iPhoneSimulator
		{22505EF4-4BCD-42A9-BA0F-DD7BCACEE150}.AppStore|x64.ActiveCfg = Release|iPhoneSimulator
		{22505EF4-4BCD-42A9-BA0F-DD7BCACEE150}.AppStore|x64.Build.0 = Release|iPhoneSimulator
		{22505EF4-4BCD-42A9-BA0F-DD7BCACEE150}.AppStore|x86.ActiveCfg = Release|iPhoneSimulator
		{22505EF4-4BCD-42A9-BA0F-DD7BCACEE150}.AppStore|x86.Build.0 = Release|iPhoneSimulator
		{22505EF4-4BCD-42A9-BA0F-DD7BCACEE150}.Debug|Any CPU.ActiveCfg = Debug|iPhoneSimulator
		{22505EF4-4BCD-42A9-BA0F-DD7BCACEE150}.Debug|Any CPU.Build.0 = Debug|iPhoneSimulator
		{22505EF4-4BCD-42A9-BA0F-DD7BCACEE150}.Debug|iPhone.ActiveCfg = Debug|iPhone
		{22505EF4-4BCD-42A9-BA0F-DD7BCACEE150}.Debug|iPhone.Build.0 = Debug|iPhone
		{22505EF4-4BCD-42A9-BA0F-DD7BCACEE150}.Debug|iPhone.Deploy.0 = Debug|iPhone
		{22505EF4-4BCD-42A9-BA0F-DD7BCACEE150}.Debug|iPhoneSimulator.ActiveCfg = Debug|iPhoneSimulator
		{22505EF4-4BCD-42A9-BA0F-DD7BCACEE150}.Debug|iPhoneSimulator.Build.0 = Debug|iPhoneSimulator
		{22505EF4-4BCD-42A9-BA0F-DD7BCACEE150}.Debug|x64.ActiveCfg = Debug|iPhoneSimulator
		{22505EF4-4BCD-42A9-BA0F-DD7BCACEE150}.Debug|x64.Build.0 = Debug|iPhoneSimulator
		{22505EF4-4BCD-42A9-BA0F-DD7BCACEE150}.Debug|x86.ActiveCfg = Debug|iPhoneSimulator
		{22505EF4-4BCD-42A9-BA0F-DD7BCACEE150}.Debug|x86.Build.0 = Debug|iPhoneSimulator
		{22505EF4-4BCD-42A9-BA0F-DD7BCACEE150}.Release|Any CPU.ActiveCfg = Release|iPhone
		{22505EF4-4BCD-42A9-BA0F-DD7BCACEE150}.Release|Any CPU.Build.0 = Release|iPhone
		{22505EF4-4BCD-42A9-BA0F-DD7BCACEE150}.Release|iPhone.ActiveCfg = Release|iPhone
		{22505EF4-4BCD-42A9-BA0F-DD7BCACEE150}.Release|iPhone.Build.0 = Release|iPhone
		{22505EF4-4BCD-42A9-BA0F-DD7BCACEE150}.Release|iPhoneSimulator.ActiveCfg = Release|iPhoneSimulator
		{22505EF4-4BCD-42A9-BA0F-DD7BCACEE150}.Release|iPhoneSimulator.Build.0 = Release|iPhoneSimulator
		{22505EF4-4BCD-42A9-BA0F-DD7BCACEE150}.Release|x64.ActiveCfg = Release|iPhone
		{22505EF4-4BCD-42A9-BA0F-DD7BCACEE150}.Release|x64.Build.0 = Release|iPhone
		{22505EF4-4BCD-42A9-BA0F-DD7BCACEE150}.Release|x86.ActiveCfg = Release|iPhone
		{22505EF4-4BCD-42A9-BA0F-DD7BCACEE150}.Release|x86.Build.0 = Release|iPhone
	EndGlobalSection
	GlobalSection(SolutionProperties) = preSolution
		HideSolutionNode = FALSE
	EndGlobalSection
	GlobalSection(NestedProjects) = preSolution
		{1F95C0A7-44B2-4C38-909A-2C2CBECC32EC} = {2768C507-3CBE-439B-A8F4-CDDAF9CE485D}
		{2783DC47-A1A0-433F-9B68-B9DA86D889AB} = {2768C507-3CBE-439B-A8F4-CDDAF9CE485D}
		{C25506F1-8774-4506-B322-AD3A46450F5B} = {2768C507-3CBE-439B-A8F4-CDDAF9CE485D}
		{4102D288-4354-4093-995D-643D3324EDFF} = {1F95C0A7-44B2-4C38-909A-2C2CBECC32EC}
		{282BA32F-876B-49B9-94E0-7A64E7CB8412} = {1F95C0A7-44B2-4C38-909A-2C2CBECC32EC}
		{E99EA959-3490-4350-8BB3-44B470E274E1} = {1F95C0A7-44B2-4C38-909A-2C2CBECC32EC}
		{FE873419-4655-45E5-8FBD-FA1432BEF0D3} = {1F95C0A7-44B2-4C38-909A-2C2CBECC32EC}
		{01EAB0C0-10BD-4480-BA66-DB9BEE318643} = {1F95C0A7-44B2-4C38-909A-2C2CBECC32EC}
		{512D08BF-DF4C-409F-A249-3B199C6E203E} = {1F95C0A7-44B2-4C38-909A-2C2CBECC32EC}
		{464C4D55-9911-40FD-8422-A84F92AB7A2D} = {1F95C0A7-44B2-4C38-909A-2C2CBECC32EC}
		{25C1AA1D-E6D8-4FA6-88D9-D6E683F5AAA9} = {1F95C0A7-44B2-4C38-909A-2C2CBECC32EC}
		{03B0F0FB-5AC9-4A58-A94A-6F50BF5B62F3} = {1F95C0A7-44B2-4C38-909A-2C2CBECC32EC}
		{B6607548-EC95-4AA9-954D-902C81A2D1CA} = {1F95C0A7-44B2-4C38-909A-2C2CBECC32EC}
		{0E0C07EC-DF17-4E5B-BEA1-8946BCA65634} = {1F95C0A7-44B2-4C38-909A-2C2CBECC32EC}
		{63EB1A5A-C778-41B8-9D48-3DF2D4CB47A8} = {1F95C0A7-44B2-4C38-909A-2C2CBECC32EC}
		{73B8E300-75D2-4726-967D-1887107A93D7} = {1F95C0A7-44B2-4C38-909A-2C2CBECC32EC}
		{7E996117-BEAC-49B3-ACCE-628527629455} = {2783DC47-A1A0-433F-9B68-B9DA86D889AB}
		{4E47A8B9-702E-47D8-B1C9-D6C46E03C97A} = {2783DC47-A1A0-433F-9B68-B9DA86D889AB}
		{49C747A7-E3C0-470A-9610-614087056956} = {2783DC47-A1A0-433F-9B68-B9DA86D889AB}
		{5C4FDFBF-5BB8-43EF-A411-A71DC928E5AF} = {2783DC47-A1A0-433F-9B68-B9DA86D889AB}
		{3DFE3B18-B72D-4ED4-A21F-A1A0836AF252} = {2783DC47-A1A0-433F-9B68-B9DA86D889AB}
		{3F54945A-FBA3-4A59-937E-C416CFD462F7} = {2783DC47-A1A0-433F-9B68-B9DA86D889AB}
		{9119A024-24ED-44E1-9791-64D6CD3AEABC} = {2783DC47-A1A0-433F-9B68-B9DA86D889AB}
		{22505EF4-4BCD-42A9-BA0F-DD7BCACEE150} = {2783DC47-A1A0-433F-9B68-B9DA86D889AB}
	EndGlobalSection
	GlobalSection(ExtensibilityGlobals) = postSolution
		SolutionGuid = {0AF95728-AE09-406D-A946-7789FF513603}
	EndGlobalSection
EndGlobal
