
Microsoft Visual Studio Solution File, Format Version 12.00
# Visual Studio 2012
Project("{FAE04EC0-301F-11D3-BF4B-00C04F79EFBC}") = "CastSample", "CastSample\CastSample.csproj", "{715CE4E1-EF89-411D-BA91-8227129D5704}"
EndProject
Project("{FAE04EC0-301F-11D3-BF4B-00C04F79EFBC}") = "Google.Cast", "..\..\source\Google.Cast\Google.Cast.csproj", "{2E11B34E-2811-45CC-90F3-428B9A88F86A}"
EndProject
Global
	GlobalSection(SolutionConfigurationPlatforms) = preSolution
		Debug|iPhoneSimulator = Debug|iPhoneSimulator
		Release|iPhone = Release|iPhone
		Release|iPhoneSimulator = Release|iPhoneSimulator
		Debug|iPhone = Debug|iPhone
	EndGlobalSection
	GlobalSection(ProjectConfigurationPlatforms) = postSolution
		{715CE4E1-EF89-411D-BA91-8227129D5704}.Debug|iPhoneSimulator.ActiveCfg = Debug|iPhoneSimulator
		{715CE4E1-EF89-411D-BA91-8227129D5704}.Debug|iPhoneSimulator.Build.0 = Debug|iPhoneSimulator
		{715CE4E1-EF89-411D-BA91-8227129D5704}.Release|iPhone.ActiveCfg = Release|iPhone
		{715CE4E1-EF89-411D-BA91-8227129D5704}.Release|iPhone.Build.0 = Release|iPhone
		{715CE4E1-EF89-411D-BA91-8227129D5704}.Release|iPhoneSimulator.ActiveCfg = Release|iPhoneSimulator
		{715CE4E1-EF89-411D-BA91-8227129D5704}.Release|iPhoneSimulator.Build.0 = Release|iPhoneSimulator
		{715CE4E1-EF89-411D-BA91-8227129D5704}.Debug|iPhone.ActiveCfg = Debug|iPhone
		{715CE4E1-EF89-411D-BA91-8227129D5704}.Debug|iPhone.Build.0 = Debug|iPhone
		{2E11B34E-2811-45CC-90F3-428B9A88F86A}.Debug|iPhoneSimulator.ActiveCfg = Debug|Any CPU
		{2E11B34E-2811-45CC-90F3-428B9A88F86A}.Debug|iPhoneSimulator.Build.0 = Debug|Any CPU
		{2E11B34E-2811-45CC-90F3-428B9A88F86A}.Release|iPhone.ActiveCfg = Release|Any CPU
		{2E11B34E-2811-45CC-90F3-428B9A88F86A}.Release|iPhone.Build.0 = Release|Any CPU
		{2E11B34E-2811-45CC-90F3-428B9A88F86A}.Release|iPhoneSimulator.ActiveCfg = Release|Any CPU
		{2E11B34E-2811-45CC-90F3-428B9A88F86A}.Release|iPhoneSimulator.Build.0 = Release|Any CPU
		{2E11B34E-2811-45CC-90F3-428B9A88F86A}.Debug|iPhone.ActiveCfg = Debug|Any CPU
		{2E11B34E-2811-45CC-90F3-428B9A88F86A}.Debug|iPhone.Build.0 = Debug|Any CPU
	EndGlobalSection
EndGlobal
