
Microsoft Visual Studio Solution File, Format Version 12.00
# Visual Studio 2012
Project("{FAE04EC0-301F-11D3-BF4B-00C04F79EFBC}") = "Firebase.CloudFirestore", "Firebase.CloudFirestore\Firebase.CloudFirestore.csproj", "{07B73E52-5385-4A06-BF48-8E27A4DF8D88}"
EndProject
Project("{FAE04EC0-301F-11D3-BF4B-00C04F79EFBC}") = "Firebase.Core", "..\..\Firebase.Core\source\Firebase.Core\Firebase.Core.csproj", "{0AD1ED63-C008-41B3-8ADB-04696B4880E3}"
EndProject
Global
	GlobalSection(SolutionConfigurationPlatforms) = preSolution
		Debug|Any CPU = Debug|Any CPU
		Release|Any CPU = Release|Any CPU
	EndGlobalSection
	GlobalSection(ProjectConfigurationPlatforms) = postSolution
		{07B73E52-5385-4A06-BF48-8E27A4DF8D88}.Debug|Any CPU.ActiveCfg = Debug|Any CPU
		{07B73E52-5385-4A06-BF48-8E27A4DF8D88}.Debug|Any CPU.Build.0 = Debug|Any CPU
		{07B73E52-5385-4A06-BF48-8E27A4DF8D88}.Release|Any CPU.ActiveCfg = Release|Any CPU
		{07B73E52-5385-4A06-BF48-8E27A4DF8D88}.Release|Any CPU.Build.0 = Release|Any CPU
		{0AD1ED63-C008-41B3-8ADB-04696B4880E3}.Debug|Any CPU.ActiveCfg = Debug|Any CPU
		{0AD1ED63-C008-41B3-8ADB-04696B4880E3}.Debug|Any CPU.Build.0 = Debug|Any CPU
		{0AD1ED63-C008-41B3-8ADB-04696B4880E3}.Release|Any CPU.ActiveCfg = Release|Any CPU
		{0AD1ED63-C008-41B3-8ADB-04696B4880E3}.Release|Any CPU.Build.0 = Release|Any CPU
	EndGlobalSection
EndGlobal
