
Microsoft Visual Studio Solution File, Format Version 12.00
# Visual Studio 2012
Project("{FAE04EC0-301F-11D3-BF4B-00C04F79EFBC}") = "Google.Places", "Google.Places\Google.Places.csproj", "{ECA3E3DD-B609-44F5-990F-CCF22752E382}"
EndProject
Project("{FAE04EC0-301F-11D3-BF4B-00C04F79EFBC}") = "Google.Maps", "..\..\Google.Maps\source\Google.Maps\Google.Maps.csproj", "{EB77B0C1-AC2F-483C-8587-6F0FE5ECBE5B}"
EndProject
Global
	GlobalSection(SolutionConfigurationPlatforms) = preSolution
		Debug|Any CPU = Debug|Any CPU
		Release|Any CPU = Release|Any CPU
	EndGlobalSection
	GlobalSection(ProjectConfigurationPlatforms) = postSolution
		{ECA3E3DD-B609-44F5-990F-CCF22752E382}.Debug|Any CPU.ActiveCfg = Debug|Any CPU
		{ECA3E3DD-B609-44F5-990F-CCF22752E382}.Debug|Any CPU.Build.0 = Debug|Any CPU
		{ECA3E3DD-B609-44F5-990F-CCF22752E382}.Release|Any CPU.ActiveCfg = Release|Any CPU
		{ECA3E3DD-B609-44F5-990F-CCF22752E382}.Release|Any CPU.Build.0 = Release|Any CPU
		{EB77B0C1-AC2F-483C-8587-6F0FE5ECBE5B}.Debug|Any CPU.ActiveCfg = Debug|Any CPU
		{EB77B0C1-AC2F-483C-8587-6F0FE5ECBE5B}.Debug|Any CPU.Build.0 = Debug|Any CPU
		{EB77B0C1-AC2F-483C-8587-6F0FE5ECBE5B}.Release|Any CPU.ActiveCfg = Release|Any CPU
		{EB77B0C1-AC2F-483C-8587-6F0FE5ECBE5B}.Release|Any CPU.Build.0 = Release|Any CPU
	EndGlobalSection
EndGlobal
