
Microsoft Visual Studio Solution File, Format Version 11.00
# Visual Studio 2010
Project("{FAE04EC0-301F-11D3-BF4B-00C04F79EFBC}") = "MobileAdsExample", "MobileAdsExample\MobileAdsExample.csproj", "{0FFC84D3-DC23-433C-8675-500FD96CCD73}"
EndProject
Project("{FAE04EC0-301F-11D3-BF4B-00C04F79EFBC}") = "Google.MobileAds", "..\..\source\Google.MobileAds\Google.MobileAds.csproj", "{4F3A8773-0A48-4107-8948-0D7981671E54}"
EndProject
Global
	GlobalSection(SolutionConfigurationPlatforms) = preSolution
		Debug|iPhoneSimulator = Debug|iPhoneSimulator
		Release|iPhoneSimulator = Release|iPhoneSimulator
		Debug|iPhone = Debug|iPhone
		Release|iPhone = Release|iPhone
		Ad-Hoc|iPhone = Ad-Hoc|iPhone
		AppStore|iPhone = AppStore|iPhone
	EndGlobalSection
	GlobalSection(ProjectConfigurationPlatforms) = postSolution
		{0FFC84D3-DC23-433C-8675-500FD96CCD73}.Ad-Hoc|iPhone.ActiveCfg = Ad-Hoc|iPhone
		{0FFC84D3-DC23-433C-8675-500FD96CCD73}.Ad-Hoc|iPhone.Build.0 = Ad-Hoc|iPhone
		{0FFC84D3-DC23-433C-8675-500FD96CCD73}.AppStore|iPhone.ActiveCfg = AppStore|iPhone
		{0FFC84D3-DC23-433C-8675-500FD96CCD73}.AppStore|iPhone.Build.0 = AppStore|iPhone
		{0FFC84D3-DC23-433C-8675-500FD96CCD73}.Debug|iPhone.ActiveCfg = Debug|iPhone
		{0FFC84D3-DC23-433C-8675-500FD96CCD73}.Debug|iPhone.Build.0 = Debug|iPhone
		{0FFC84D3-DC23-433C-8675-500FD96CCD73}.Debug|iPhoneSimulator.ActiveCfg = Debug|iPhoneSimulator
		{0FFC84D3-DC23-433C-8675-500FD96CCD73}.Debug|iPhoneSimulator.Build.0 = Debug|iPhoneSimulator
		{0FFC84D3-DC23-433C-8675-500FD96CCD73}.Release|iPhone.ActiveCfg = Release|iPhone
		{0FFC84D3-DC23-433C-8675-500FD96CCD73}.Release|iPhone.Build.0 = Release|iPhone
		{0FFC84D3-DC23-433C-8675-500FD96CCD73}.Release|iPhoneSimulator.ActiveCfg = Release|iPhoneSimulator
		{0FFC84D3-DC23-433C-8675-500FD96CCD73}.Release|iPhoneSimulator.Build.0 = Release|iPhoneSimulator
		{4F3A8773-0A48-4107-8948-0D7981671E54}.Ad-Hoc|iPhone.ActiveCfg = Release|Any CPU
		{4F3A8773-0A48-4107-8948-0D7981671E54}.Ad-Hoc|iPhone.Build.0 = Release|Any CPU
		{4F3A8773-0A48-4107-8948-0D7981671E54}.AppStore|iPhone.ActiveCfg = Release|Any CPU
		{4F3A8773-0A48-4107-8948-0D7981671E54}.AppStore|iPhone.Build.0 = Release|Any CPU
		{4F3A8773-0A48-4107-8948-0D7981671E54}.Debug|iPhone.ActiveCfg = Debug|Any CPU
		{4F3A8773-0A48-4107-8948-0D7981671E54}.Debug|iPhone.Build.0 = Debug|Any CPU
		{4F3A8773-0A48-4107-8948-0D7981671E54}.Debug|iPhoneSimulator.ActiveCfg = Debug|Any CPU
		{4F3A8773-0A48-4107-8948-0D7981671E54}.Debug|iPhoneSimulator.Build.0 = Debug|Any CPU
		{4F3A8773-0A48-4107-8948-0D7981671E54}.Release|iPhone.ActiveCfg = Release|Any CPU
		{4F3A8773-0A48-4107-8948-0D7981671E54}.Release|iPhone.Build.0 = Release|Any CPU
		{4F3A8773-0A48-4107-8948-0D7981671E54}.Release|iPhoneSimulator.ActiveCfg = Release|Any CPU
		{4F3A8773-0A48-4107-8948-0D7981671E54}.Release|iPhoneSimulator.Build.0 = Release|Any CPU
	EndGlobalSection
EndGlobal
