
Microsoft Visual Studio Solution File, Format Version 12.00
# Visual Studio 2012
Project("{FAE04EC0-301F-11D3-BF4B-00C04F79EFBC}") = "AppInviteSample", "AppInviteSample\AppInviteSample.csproj", "{42BF8B57-0C86-4198-8AB7-F724D5E6B7E5}"
EndProject
Project("{FAE04EC0-301F-11D3-BF4B-00C04F79EFBC}") = "Google.Core", "..\..\..\Google.Core\source\Google.Core\Google.Core.csproj", "{C2355333-621E-4439-9F53-EB717D681699}"
EndProject
Project("{FAE04EC0-301F-11D3-BF4B-00C04F79EFBC}") = "Google.SignIn", "..\..\..\Google.SignIn\source\Google.SignIn\Google.SignIn.csproj", "{3C142652-0DF6-4919-9F58-0FD8FA3A9F6D}"
EndProject
Project("{FAE04EC0-301F-11D3-BF4B-00C04F79EFBC}") = "Google.AppInvite", "..\..\source\Google.AppInvite\Google.AppInvite.csproj", "{E892C1B7-DFBF-4760-9F0C-681BB519741D}"
EndProject
Global
	GlobalSection(SolutionConfigurationPlatforms) = preSolution
		Debug|iPhoneSimulator = Debug|iPhoneSimulator
		Release|iPhone = Release|iPhone
		Release|iPhoneSimulator = Release|iPhoneSimulator
		Debug|iPhone = Debug|iPhone
	EndGlobalSection
	GlobalSection(ProjectConfigurationPlatforms) = postSolution
		{3C142652-0DF6-4919-9F58-0FD8FA3A9F6D}.Debug|iPhone.ActiveCfg = Debug|Any CPU
		{3C142652-0DF6-4919-9F58-0FD8FA3A9F6D}.Debug|iPhone.Build.0 = Debug|Any CPU
		{3C142652-0DF6-4919-9F58-0FD8FA3A9F6D}.Debug|iPhoneSimulator.ActiveCfg = Debug|Any CPU
		{3C142652-0DF6-4919-9F58-0FD8FA3A9F6D}.Debug|iPhoneSimulator.Build.0 = Debug|Any CPU
		{3C142652-0DF6-4919-9F58-0FD8FA3A9F6D}.Release|iPhone.ActiveCfg = Release|Any CPU
		{3C142652-0DF6-4919-9F58-0FD8FA3A9F6D}.Release|iPhone.Build.0 = Release|Any CPU
		{3C142652-0DF6-4919-9F58-0FD8FA3A9F6D}.Release|iPhoneSimulator.ActiveCfg = Release|Any CPU
		{3C142652-0DF6-4919-9F58-0FD8FA3A9F6D}.Release|iPhoneSimulator.Build.0 = Release|Any CPU
		{42BF8B57-0C86-4198-8AB7-F724D5E6B7E5}.Debug|iPhone.ActiveCfg = Debug|iPhone
		{42BF8B57-0C86-4198-8AB7-F724D5E6B7E5}.Debug|iPhone.Build.0 = Debug|iPhone
		{42BF8B57-0C86-4198-8AB7-F724D5E6B7E5}.Debug|iPhoneSimulator.ActiveCfg = Debug|iPhoneSimulator
		{42BF8B57-0C86-4198-8AB7-F724D5E6B7E5}.Debug|iPhoneSimulator.Build.0 = Debug|iPhoneSimulator
		{42BF8B57-0C86-4198-8AB7-F724D5E6B7E5}.Release|iPhone.ActiveCfg = Release|iPhone
		{42BF8B57-0C86-4198-8AB7-F724D5E6B7E5}.Release|iPhone.Build.0 = Release|iPhone
		{42BF8B57-0C86-4198-8AB7-F724D5E6B7E5}.Release|iPhoneSimulator.ActiveCfg = Release|iPhoneSimulator
		{42BF8B57-0C86-4198-8AB7-F724D5E6B7E5}.Release|iPhoneSimulator.Build.0 = Release|iPhoneSimulator
		{C2355333-621E-4439-9F53-EB717D681699}.Debug|iPhone.ActiveCfg = Debug|Any CPU
		{C2355333-621E-4439-9F53-EB717D681699}.Debug|iPhone.Build.0 = Debug|Any CPU
		{C2355333-621E-4439-9F53-EB717D681699}.Debug|iPhoneSimulator.ActiveCfg = Debug|Any CPU
		{C2355333-621E-4439-9F53-EB717D681699}.Debug|iPhoneSimulator.Build.0 = Debug|Any CPU
		{C2355333-621E-4439-9F53-EB717D681699}.Release|iPhone.ActiveCfg = Release|Any CPU
		{C2355333-621E-4439-9F53-EB717D681699}.Release|iPhone.Build.0 = Release|Any CPU
		{C2355333-621E-4439-9F53-EB717D681699}.Release|iPhoneSimulator.ActiveCfg = Release|Any CPU
		{C2355333-621E-4439-9F53-EB717D681699}.Release|iPhoneSimulator.Build.0 = Release|Any CPU
		{E892C1B7-DFBF-4760-9F0C-681BB519741D}.Debug|iPhone.ActiveCfg = Debug|Any CPU
		{E892C1B7-DFBF-4760-9F0C-681BB519741D}.Debug|iPhone.Build.0 = Debug|Any CPU
		{E892C1B7-DFBF-4760-9F0C-681BB519741D}.Debug|iPhoneSimulator.ActiveCfg = Debug|Any CPU
		{E892C1B7-DFBF-4760-9F0C-681BB519741D}.Debug|iPhoneSimulator.Build.0 = Debug|Any CPU
		{E892C1B7-DFBF-4760-9F0C-681BB519741D}.Release|iPhone.ActiveCfg = Release|Any CPU
		{E892C1B7-DFBF-4760-9F0C-681BB519741D}.Release|iPhone.Build.0 = Release|Any CPU
		{E892C1B7-DFBF-4760-9F0C-681BB519741D}.Release|iPhoneSimulator.ActiveCfg = Release|Any CPU
		{E892C1B7-DFBF-4760-9F0C-681BB519741D}.Release|iPhoneSimulator.Build.0 = Release|Any CPU
	EndGlobalSection
EndGlobal
