
Microsoft Visual Studio Solution File, Format Version 12.00
# Visual Studio 2012
Project("{FAE04EC0-301F-11D3-BF4B-00C04F79EFBC}") = "AdMobSample", "AdMobSample\AdMobSample.csproj", "{DDB56BA7-DAD9-4B48-BDA3-741196F9E949}"
EndProject
Project("{FAE04EC0-301F-11D3-BF4B-00C04F79EFBC}") = "Firebase.InstanceID", "..\..\..\Firebase.InstanceID\source\Firebase.InstanceID\Firebase.InstanceID.csproj", "{D6AA184C-DA45-4BBB-988A-451B20C7B804}"
EndProject
Project("{FAE04EC0-301F-11D3-BF4B-00C04F79EFBC}") = "Firebase.Analytics", "..\..\..\Firebase.Analytics\source\Firebase.Analytics\Firebase.Analytics.csproj", "{87BB564C-85A8-4EC1-AD16-EC0A1ACCEE56}"
EndProject
Project("{FAE04EC0-301F-11D3-BF4B-00C04F79EFBC}") = "Google.MobileAds", "..\..\..\Google.MobileAds\source\Google.MobileAds\Google.MobileAds.csproj", "{4F3A8773-0A48-4107-8948-0D7981671E54}"
EndProject
Global
	GlobalSection(SolutionConfigurationPlatforms) = preSolution
		Debug|iPhoneSimulator = Debug|iPhoneSimulator
		Release|iPhone = Release|iPhone
		Release|iPhoneSimulator = Release|iPhoneSimulator
		Debug|iPhone = Debug|iPhone
	EndGlobalSection
	GlobalSection(ProjectConfigurationPlatforms) = postSolution
		{DDB56BA7-DAD9-4B48-BDA3-741196F9E949}.Debug|iPhoneSimulator.ActiveCfg = Debug|iPhoneSimulator
		{DDB56BA7-DAD9-4B48-BDA3-741196F9E949}.Debug|iPhoneSimulator.Build.0 = Debug|iPhoneSimulator
		{DDB56BA7-DAD9-4B48-BDA3-741196F9E949}.Release|iPhone.ActiveCfg = Release|iPhone
		{DDB56BA7-DAD9-4B48-BDA3-741196F9E949}.Release|iPhone.Build.0 = Release|iPhone
		{DDB56BA7-DAD9-4B48-BDA3-741196F9E949}.Release|iPhoneSimulator.ActiveCfg = Release|iPhoneSimulator
		{DDB56BA7-DAD9-4B48-BDA3-741196F9E949}.Release|iPhoneSimulator.Build.0 = Release|iPhoneSimulator
		{DDB56BA7-DAD9-4B48-BDA3-741196F9E949}.Debug|iPhone.ActiveCfg = Debug|iPhone
		{DDB56BA7-DAD9-4B48-BDA3-741196F9E949}.Debug|iPhone.Build.0 = Debug|iPhone
		{D6AA184C-DA45-4BBB-988A-451B20C7B804}.Debug|iPhoneSimulator.ActiveCfg = Debug|Any CPU
		{D6AA184C-DA45-4BBB-988A-451B20C7B804}.Debug|iPhoneSimulator.Build.0 = Debug|Any CPU
		{D6AA184C-DA45-4BBB-988A-451B20C7B804}.Release|iPhone.ActiveCfg = Release|Any CPU
		{D6AA184C-DA45-4BBB-988A-451B20C7B804}.Release|iPhone.Build.0 = Release|Any CPU
		{D6AA184C-DA45-4BBB-988A-451B20C7B804}.Release|iPhoneSimulator.ActiveCfg = Release|Any CPU
		{D6AA184C-DA45-4BBB-988A-451B20C7B804}.Release|iPhoneSimulator.Build.0 = Release|Any CPU
		{D6AA184C-DA45-4BBB-988A-451B20C7B804}.Debug|iPhone.ActiveCfg = Debug|Any CPU
		{D6AA184C-DA45-4BBB-988A-451B20C7B804}.Debug|iPhone.Build.0 = Debug|Any CPU
		{87BB564C-85A8-4EC1-AD16-EC0A1ACCEE56}.Debug|iPhoneSimulator.ActiveCfg = Debug|Any CPU
		{87BB564C-85A8-4EC1-AD16-EC0A1ACCEE56}.Debug|iPhoneSimulator.Build.0 = Debug|Any CPU
		{87BB564C-85A8-4EC1-AD16-EC0A1ACCEE56}.Release|iPhone.ActiveCfg = Release|Any CPU
		{87BB564C-85A8-4EC1-AD16-EC0A1ACCEE56}.Release|iPhone.Build.0 = Release|Any CPU
		{87BB564C-85A8-4EC1-AD16-EC0A1ACCEE56}.Release|iPhoneSimulator.ActiveCfg = Release|Any CPU
		{87BB564C-85A8-4EC1-AD16-EC0A1ACCEE56}.Release|iPhoneSimulator.Build.0 = Release|Any CPU
		{87BB564C-85A8-4EC1-AD16-EC0A1ACCEE56}.Debug|iPhone.ActiveCfg = Debug|Any CPU
		{87BB564C-85A8-4EC1-AD16-EC0A1ACCEE56}.Debug|iPhone.Build.0 = Debug|Any CPU
		{4F3A8773-0A48-4107-8948-0D7981671E54}.Debug|iPhoneSimulator.ActiveCfg = Debug|Any CPU
		{4F3A8773-0A48-4107-8948-0D7981671E54}.Debug|iPhoneSimulator.Build.0 = Debug|Any CPU
		{4F3A8773-0A48-4107-8948-0D7981671E54}.Release|iPhone.ActiveCfg = Release|Any CPU
		{4F3A8773-0A48-4107-8948-0D7981671E54}.Release|iPhone.Build.0 = Release|Any CPU
		{4F3A8773-0A48-4107-8948-0D7981671E54}.Release|iPhoneSimulator.ActiveCfg = Release|Any CPU
		{4F3A8773-0A48-4107-8948-0D7981671E54}.Release|iPhoneSimulator.Build.0 = Release|Any CPU
		{4F3A8773-0A48-4107-8948-0D7981671E54}.Debug|iPhone.ActiveCfg = Debug|Any CPU
		{4F3A8773-0A48-4107-8948-0D7981671E54}.Debug|iPhone.Build.0 = Debug|Any CPU
	EndGlobalSection
EndGlobal
