
Microsoft Visual Studio Solution File, Format Version 12.00
# Visual Studio 15
Project("{FAE04EC0-301F-11D3-BF4B-00C04F79EFBC}") = "MLKitSample", "MLKitSample\MLKitSample.csproj", "{8C118A0A-18D5-4E01-A83D-11DBD98DAF2F}"
EndProject
Project("{FAE04EC0-301F-11D3-BF4B-00C04F79EFBC}") = "Firebase.Core", "..\..\..\Firebase.Core\source\Firebase.Core\Firebase.Core.csproj", "{0AD1ED63-C008-41B3-8ADB-04696B4880E3}"
EndProject
Project("{FAE04EC0-301F-11D3-BF4B-00C04F79EFBC}") = "Firebase.MLKit", "..\..\source\Firebase.MLKit\Firebase.MLKit.csproj", "{52E4C180-C6CB-4819-A5FD-0BE805FEEE33}"
EndProject
Project("{FAE04EC0-301F-11D3-BF4B-00C04F79EFBC}") = "Firebase.MLKit.Common", "..\..\..\Firebase.MLKit.Common\source\Firebase.MLKit.Common\Firebase.MLKit.Common.csproj", "{43A3F6C8-A2D8-414E-8509-F824D0B3B838}"
EndProject
Global
	GlobalSection(SolutionConfigurationPlatforms) = preSolution
		Debug|iPhoneSimulator = Debug|iPhoneSimulator
		Release|iPhone = Release|iPhone
		Release|iPhoneSimulator = Release|iPhoneSimulator
		Debug|iPhone = Debug|iPhone
	EndGlobalSection
	GlobalSection(ProjectConfigurationPlatforms) = postSolution
		{8C118A0A-18D5-4E01-A83D-11DBD98DAF2F}.Debug|iPhoneSimulator.ActiveCfg = Debug|iPhoneSimulator
		{8C118A0A-18D5-4E01-A83D-11DBD98DAF2F}.Debug|iPhoneSimulator.Build.0 = Debug|iPhoneSimulator
		{8C118A0A-18D5-4E01-A83D-11DBD98DAF2F}.Release|iPhone.ActiveCfg = Release|iPhone
		{8C118A0A-18D5-4E01-A83D-11DBD98DAF2F}.Release|iPhone.Build.0 = Release|iPhone
		{8C118A0A-18D5-4E01-A83D-11DBD98DAF2F}.Release|iPhoneSimulator.ActiveCfg = Release|iPhoneSimulator
		{8C118A0A-18D5-4E01-A83D-11DBD98DAF2F}.Release|iPhoneSimulator.Build.0 = Release|iPhoneSimulator
		{8C118A0A-18D5-4E01-A83D-11DBD98DAF2F}.Debug|iPhone.ActiveCfg = Debug|iPhone
		{8C118A0A-18D5-4E01-A83D-11DBD98DAF2F}.Debug|iPhone.Build.0 = Debug|iPhone
		{0AD1ED63-C008-41B3-8ADB-04696B4880E3}.Debug|iPhoneSimulator.ActiveCfg = Debug|Any CPU
		{0AD1ED63-C008-41B3-8ADB-04696B4880E3}.Debug|iPhoneSimulator.Build.0 = Debug|Any CPU
		{0AD1ED63-C008-41B3-8ADB-04696B4880E3}.Release|iPhone.ActiveCfg = Release|Any CPU
		{0AD1ED63-C008-41B3-8ADB-04696B4880E3}.Release|iPhone.Build.0 = Release|Any CPU
		{0AD1ED63-C008-41B3-8ADB-04696B4880E3}.Release|iPhoneSimulator.ActiveCfg = Release|Any CPU
		{0AD1ED63-C008-41B3-8ADB-04696B4880E3}.Release|iPhoneSimulator.Build.0 = Release|Any CPU
		{0AD1ED63-C008-41B3-8ADB-04696B4880E3}.Debug|iPhone.ActiveCfg = Debug|Any CPU
		{0AD1ED63-C008-41B3-8ADB-04696B4880E3}.Debug|iPhone.Build.0 = Debug|Any CPU
		{52E4C180-C6CB-4819-A5FD-0BE805FEEE33}.Debug|iPhoneSimulator.ActiveCfg = Debug|Any CPU
		{52E4C180-C6CB-4819-A5FD-0BE805FEEE33}.Debug|iPhoneSimulator.Build.0 = Debug|Any CPU
		{52E4C180-C6CB-4819-A5FD-0BE805FEEE33}.Release|iPhone.ActiveCfg = Release|Any CPU
		{52E4C180-C6CB-4819-A5FD-0BE805FEEE33}.Release|iPhone.Build.0 = Release|Any CPU
		{52E4C180-C6CB-4819-A5FD-0BE805FEEE33}.Release|iPhoneSimulator.ActiveCfg = Release|Any CPU
		{52E4C180-C6CB-4819-A5FD-0BE805FEEE33}.Release|iPhoneSimulator.Build.0 = Release|Any CPU
		{52E4C180-C6CB-4819-A5FD-0BE805FEEE33}.Debug|iPhone.ActiveCfg = Debug|Any CPU
		{52E4C180-C6CB-4819-A5FD-0BE805FEEE33}.Debug|iPhone.Build.0 = Debug|Any CPU
		{43A3F6C8-A2D8-414E-8509-F824D0B3B838}.Debug|iPhoneSimulator.ActiveCfg = Debug|Any CPU
		{43A3F6C8-A2D8-414E-8509-F824D0B3B838}.Debug|iPhoneSimulator.Build.0 = Debug|Any CPU
		{43A3F6C8-A2D8-414E-8509-F824D0B3B838}.Release|iPhone.ActiveCfg = Release|Any CPU
		{43A3F6C8-A2D8-414E-8509-F824D0B3B838}.Release|iPhone.Build.0 = Release|Any CPU
		{43A3F6C8-A2D8-414E-8509-F824D0B3B838}.Release|iPhoneSimulator.ActiveCfg = Release|Any CPU
		{43A3F6C8-A2D8-414E-8509-F824D0B3B838}.Release|iPhoneSimulator.Build.0 = Release|Any CPU
		{43A3F6C8-A2D8-414E-8509-F824D0B3B838}.Debug|iPhone.ActiveCfg = Debug|Any CPU
		{43A3F6C8-A2D8-414E-8509-F824D0B3B838}.Debug|iPhone.Build.0 = Debug|Any CPU
	EndGlobalSection
EndGlobal
