
Microsoft Visual Studio Solution File, Format Version 12.00
# Visual Studio 2012
Project("{FAE04EC0-301F-11D3-BF4B-00C04F79EFBC}") = "StorageSample", "StorageSample\StorageSample.csproj", "{87BCF68D-05D6-4E40-9550-AE74C37AFA89}"
EndProject
Project("{FAE04EC0-301F-11D3-BF4B-00C04F79EFBC}") = "Firebase.Database", "..\..\..\Firebase.Database\source\Firebase.Database\Firebase.Database.csproj", "{7C28F952-273E-4888-A9D7-61057B5361C3}"
EndProject
Project("{FAE04EC0-301F-11D3-BF4B-00C04F79EFBC}") = "Firebase.Storage", "..\..\source\Firebase.Storage\Firebase.Storage.csproj", "{3C74D8AD-5792-4993-AFC3-06833330C2C8}"
EndProject
Project("{FAE04EC0-301F-11D3-BF4B-00C04F79EFBC}") = "Firebase.Auth", "..\..\..\Firebase.Auth\source\Firebase.Auth\Firebase.Auth.csproj", "{B6D38028-B1CF-4351-B53B-B5D35F19FC4A}"
EndProject
Project("{FAE04EC0-301F-11D3-BF4B-00C04F79EFBC}") = "Firebase.Core", "..\..\..\Firebase.Core\source\Firebase.Core\Firebase.Core.csproj", "{0AD1ED63-C008-41B3-8ADB-04696B4880E3}"
EndProject
Global
	GlobalSection(SolutionConfigurationPlatforms) = preSolution
		Debug|iPhoneSimulator = Debug|iPhoneSimulator
		Release|iPhone = Release|iPhone
		Release|iPhoneSimulator = Release|iPhoneSimulator
		Debug|iPhone = Debug|iPhone
	EndGlobalSection
	GlobalSection(ProjectConfigurationPlatforms) = postSolution
		{87BCF68D-05D6-4E40-9550-AE74C37AFA89}.Debug|iPhoneSimulator.ActiveCfg = Debug|iPhoneSimulator
		{87BCF68D-05D6-4E40-9550-AE74C37AFA89}.Debug|iPhoneSimulator.Build.0 = Debug|iPhoneSimulator
		{87BCF68D-05D6-4E40-9550-AE74C37AFA89}.Release|iPhone.ActiveCfg = Release|iPhone
		{87BCF68D-05D6-4E40-9550-AE74C37AFA89}.Release|iPhone.Build.0 = Release|iPhone
		{87BCF68D-05D6-4E40-9550-AE74C37AFA89}.Release|iPhoneSimulator.ActiveCfg = Release|iPhoneSimulator
		{87BCF68D-05D6-4E40-9550-AE74C37AFA89}.Release|iPhoneSimulator.Build.0 = Release|iPhoneSimulator
		{87BCF68D-05D6-4E40-9550-AE74C37AFA89}.Debug|iPhone.ActiveCfg = Debug|iPhone
		{87BCF68D-05D6-4E40-9550-AE74C37AFA89}.Debug|iPhone.Build.0 = Debug|iPhone
		{7C28F952-273E-4888-A9D7-61057B5361C3}.Debug|iPhoneSimulator.ActiveCfg = Debug|Any CPU
		{7C28F952-273E-4888-A9D7-61057B5361C3}.Debug|iPhoneSimulator.Build.0 = Debug|Any CPU
		{7C28F952-273E-4888-A9D7-61057B5361C3}.Release|iPhone.ActiveCfg = Release|Any CPU
		{7C28F952-273E-4888-A9D7-61057B5361C3}.Release|iPhone.Build.0 = Release|Any CPU
		{7C28F952-273E-4888-A9D7-61057B5361C3}.Release|iPhoneSimulator.ActiveCfg = Release|Any CPU
		{7C28F952-273E-4888-A9D7-61057B5361C3}.Release|iPhoneSimulator.Build.0 = Release|Any CPU
		{7C28F952-273E-4888-A9D7-61057B5361C3}.Debug|iPhone.ActiveCfg = Debug|Any CPU
		{7C28F952-273E-4888-A9D7-61057B5361C3}.Debug|iPhone.Build.0 = Debug|Any CPU
		{3C74D8AD-5792-4993-AFC3-06833330C2C8}.Debug|iPhoneSimulator.ActiveCfg = Debug|Any CPU
		{3C74D8AD-5792-4993-AFC3-06833330C2C8}.Debug|iPhoneSimulator.Build.0 = Debug|Any CPU
		{3C74D8AD-5792-4993-AFC3-06833330C2C8}.Release|iPhone.ActiveCfg = Release|Any CPU
		{3C74D8AD-5792-4993-AFC3-06833330C2C8}.Release|iPhone.Build.0 = Release|Any CPU
		{3C74D8AD-5792-4993-AFC3-06833330C2C8}.Release|iPhoneSimulator.ActiveCfg = Release|Any CPU
		{3C74D8AD-5792-4993-AFC3-06833330C2C8}.Release|iPhoneSimulator.Build.0 = Release|Any CPU
		{3C74D8AD-5792-4993-AFC3-06833330C2C8}.Debug|iPhone.ActiveCfg = Debug|Any CPU
		{3C74D8AD-5792-4993-AFC3-06833330C2C8}.Debug|iPhone.Build.0 = Debug|Any CPU
		{B6D38028-B1CF-4351-B53B-B5D35F19FC4A}.Debug|iPhoneSimulator.ActiveCfg = Debug|Any CPU
		{B6D38028-B1CF-4351-B53B-B5D35F19FC4A}.Debug|iPhoneSimulator.Build.0 = Debug|Any CPU
		{B6D38028-B1CF-4351-B53B-B5D35F19FC4A}.Release|iPhone.ActiveCfg = Release|Any CPU
		{B6D38028-B1CF-4351-B53B-B5D35F19FC4A}.Release|iPhone.Build.0 = Release|Any CPU
		{B6D38028-B1CF-4351-B53B-B5D35F19FC4A}.Release|iPhoneSimulator.ActiveCfg = Release|Any CPU
		{B6D38028-B1CF-4351-B53B-B5D35F19FC4A}.Release|iPhoneSimulator.Build.0 = Release|Any CPU
		{B6D38028-B1CF-4351-B53B-B5D35F19FC4A}.Debug|iPhone.ActiveCfg = Debug|Any CPU
		{B6D38028-B1CF-4351-B53B-B5D35F19FC4A}.Debug|iPhone.Build.0 = Debug|Any CPU
		{0AD1ED63-C008-41B3-8ADB-04696B4880E3}.Debug|iPhoneSimulator.ActiveCfg = Debug|Any CPU
		{0AD1ED63-C008-41B3-8ADB-04696B4880E3}.Debug|iPhoneSimulator.Build.0 = Debug|Any CPU
		{0AD1ED63-C008-41B3-8ADB-04696B4880E3}.Release|iPhone.ActiveCfg = Release|Any CPU
		{0AD1ED63-C008-41B3-8ADB-04696B4880E3}.Release|iPhone.Build.0 = Release|Any CPU
		{0AD1ED63-C008-41B3-8ADB-04696B4880E3}.Release|iPhoneSimulator.ActiveCfg = Release|Any CPU
		{0AD1ED63-C008-41B3-8ADB-04696B4880E3}.Release|iPhoneSimulator.Build.0 = Release|Any CPU
		{0AD1ED63-C008-41B3-8ADB-04696B4880E3}.Debug|iPhone.ActiveCfg = Debug|Any CPU
		{0AD1ED63-C008-41B3-8ADB-04696B4880E3}.Debug|iPhone.Build.0 = Debug|Any CPU
	EndGlobalSection
EndGlobal
