
Microsoft Visual Studio Solution File, Format Version 12.00
# Visual Studio 2012
Project("{FAE04EC0-301F-11D3-BF4B-00C04F79EFBC}") = "Firebase.Database", "Firebase.Database\Firebase.Database.csproj", "{7C28F952-273E-4888-A9D7-61057B5361C3}"
EndProject
Project("{FAE04EC0-301F-11D3-BF4B-00C04F79EFBC}") = "Firebase.Core", "..\..\Firebase.Core\source\Firebase.Core\Firebase.Core.csproj", "{0AD1ED63-C008-41B3-8ADB-04696B4880E3}"
EndProject
Global
	GlobalSection(SolutionConfigurationPlatforms) = preSolution
		Debug|Any CPU = Debug|Any CPU
		Release|Any CPU = Release|Any CPU
	EndGlobalSection
	GlobalSection(ProjectConfigurationPlatforms) = postSolution
		{7C28F952-273E-4888-A9D7-61057B5361C3}.Debug|Any CPU.ActiveCfg = Debug|Any CPU
		{7C28F952-273E-4888-A9D7-61057B5361C3}.Debug|Any CPU.Build.0 = Debug|Any CPU
		{7C28F952-273E-4888-A9D7-61057B5361C3}.Release|Any CPU.ActiveCfg = Release|Any CPU
		{7C28F952-273E-4888-A9D7-61057B5361C3}.Release|Any CPU.Build.0 = Release|Any CPU
		{0AD1ED63-C008-41B3-8ADB-04696B4880E3}.Debug|Any CPU.ActiveCfg = Debug|Any CPU
		{0AD1ED63-C008-41B3-8ADB-04696B4880E3}.Debug|Any CPU.Build.0 = Debug|Any CPU
		{0AD1ED63-C008-41B3-8ADB-04696B4880E3}.Release|Any CPU.ActiveCfg = Release|Any CPU
		{0AD1ED63-C008-41B3-8ADB-04696B4880E3}.Release|Any CPU.Build.0 = Release|Any CPU
	EndGlobalSection
EndGlobal
