
Microsoft Visual Studio Solution File, Format Version 12.00
# Visual Studio 2012
Project("{FAE04EC0-301F-11D3-BF4B-00C04F79EFBC}") = "Firebase.Storage", "Firebase.Storage\Firebase.Storage.csproj", "{3C74D8AD-5792-4993-AFC3-06833330C2C8}"
EndProject
Project("{FAE04EC0-301F-11D3-BF4B-00C04F79EFBC}") = "Firebase.InstanceID", "..\..\Firebase.InstanceID\source\Firebase.InstanceID\Firebase.InstanceID.csproj", "{D6AA184C-DA45-4BBB-988A-451B20C7B804}"
EndProject
Project("{FAE04EC0-301F-11D3-BF4B-00C04F79EFBC}") = "Firebase.Analytics", "..\..\Firebase.Analytics\source\Firebase.Analytics\Firebase.Analytics.csproj", "{87BB564C-85A8-4EC1-AD16-EC0A1ACCEE56}"
EndProject
Global
	GlobalSection(SolutionConfigurationPlatforms) = preSolution
		Debug|Any CPU = Debug|Any CPU
		Release|Any CPU = Release|Any CPU
	EndGlobalSection
	GlobalSection(ProjectConfigurationPlatforms) = postSolution
		{3C74D8AD-5792-4993-AFC3-06833330C2C8}.Debug|Any CPU.ActiveCfg = Debug|Any CPU
		{3C74D8AD-5792-4993-AFC3-06833330C2C8}.Debug|Any CPU.Build.0 = Debug|Any CPU
		{3C74D8AD-5792-4993-AFC3-06833330C2C8}.Release|Any CPU.ActiveCfg = Release|Any CPU
		{3C74D8AD-5792-4993-AFC3-06833330C2C8}.Release|Any CPU.Build.0 = Release|Any CPU
		{D6AA184C-DA45-4BBB-988A-451B20C7B804}.Debug|Any CPU.ActiveCfg = Debug|Any CPU
		{D6AA184C-DA45-4BBB-988A-451B20C7B804}.Debug|Any CPU.Build.0 = Debug|Any CPU
		{D6AA184C-DA45-4BBB-988A-451B20C7B804}.Release|Any CPU.ActiveCfg = Release|Any CPU
		{D6AA184C-DA45-4BBB-988A-451B20C7B804}.Release|Any CPU.Build.0 = Release|Any CPU
		{87BB564C-85A8-4EC1-AD16-EC0A1ACCEE56}.Debug|Any CPU.ActiveCfg = Debug|Any CPU
		{87BB564C-85A8-4EC1-AD16-EC0A1ACCEE56}.Debug|Any CPU.Build.0 = Debug|Any CPU
		{87BB564C-85A8-4EC1-AD16-EC0A1ACCEE56}.Release|Any CPU.ActiveCfg = Release|Any CPU
		{87BB564C-85A8-4EC1-AD16-EC0A1ACCEE56}.Release|Any CPU.Build.0 = Release|Any CPU
	EndGlobalSection
EndGlobal
