
Microsoft Visual Studio Solution File, Format Version 12.00
# Visual Studio 2012
Project("{FAE04EC0-301F-11D3-BF4B-00C04F79EFBC}") = "Firebase.Auth", "Firebase.Auth\Firebase.Auth.csproj", "{B6D38028-B1CF-4351-B53B-B5D35F19FC4A}"
EndProject
Project("{FAE04EC0-301F-11D3-BF4B-00C04F79EFBC}") = "Firebase.Core", "..\..\Firebase.Core\source\Firebase.Core\Firebase.Core.csproj", "{0AD1ED63-C008-41B3-8ADB-04696B4880E3}"
EndProject
Global
	GlobalSection(SolutionConfigurationPlatforms) = preSolution
		Debug|Any CPU = Debug|Any CPU
		Release|Any CPU = Release|Any CPU
	EndGlobalSection
	GlobalSection(ProjectConfigurationPlatforms) = postSolution
		{B6D38028-B1CF-4351-B53B-B5D35F19FC4A}.Debug|Any CPU.ActiveCfg = Debug|Any CPU
		{B6D38028-B1CF-4351-B53B-B5D35F19FC4A}.Debug|Any CPU.Build.0 = Debug|Any CPU
		{B6D38028-B1CF-4351-B53B-B5D35F19FC4A}.Release|Any CPU.ActiveCfg = Release|Any CPU
		{B6D38028-B1CF-4351-B53B-B5D35F19FC4A}.Release|Any CPU.Build.0 = Release|Any CPU
		{0AD1ED63-C008-41B3-8ADB-04696B4880E3}.Debug|Any CPU.ActiveCfg = Debug|Any CPU
		{0AD1ED63-C008-41B3-8ADB-04696B4880E3}.Debug|Any CPU.Build.0 = Debug|Any CPU
		{0AD1ED63-C008-41B3-8ADB-04696B4880E3}.Release|Any CPU.ActiveCfg = Release|Any CPU
		{0AD1ED63-C008-41B3-8ADB-04696B4880E3}.Release|Any CPU.Build.0 = Release|Any CPU
	EndGlobalSection
EndGlobal
